{
  "lockfileVersion": 1,
  "workspaces": {
    "": {
      "name": "js-game-rendering-benchmark",
      "dependencies": {
        "babylonjs": "^8.23.1",
        "excalibur": "^0.30.3",
        "fpsmeter": "^0.3.1",
        "hilojs": "^2.0.2",
        "kaboom": "^2000.2.10",
        "kaplay": "^3001.0.19",
        "kontra": "^10.0.2",
        "litecanvas": "^0.66.4",
        "melonjs": "^17.4.0",
        "phaser": "^3.90.0",
        "pixi.js": "^7.4.3",
        "three": "^0.148.0",
        "two.js": "^0.8.19",
      },
      "devDependencies": {
        "vite": "^7.1.2",
        "vite-plugin-handlebars": "^2.0.0",
      },
    },
  },
  "packages": {
    "@esbuild/aix-ppc64": ["@esbuild/aix-ppc64@0.25.9", "", { "os": "aix", "cpu": "ppc64" }, "sha512-OaGtL73Jck6pBKjNIe24BnFE6agGl+6KxDtTfHhy1HmhthfKouEcOhqpSL64K4/0WCtbKFLOdzD/44cJ4k9opA=="],

    "@esbuild/android-arm": ["@esbuild/android-arm@0.25.9", "", { "os": "android", "cpu": "arm" }, "sha512-5WNI1DaMtxQ7t7B6xa572XMXpHAaI/9Hnhk8lcxF4zVN4xstUgTlvuGDorBguKEnZO70qwEcLpfifMLoxiPqHQ=="],

    "@esbuild/android-arm64": ["@esbuild/android-arm64@0.25.9", "", { "os": "android", "cpu": "arm64" }, "sha512-IDrddSmpSv51ftWslJMvl3Q2ZT98fUSL2/rlUXuVqRXHCs5EUF1/f+jbjF5+NG9UffUDMCiTyh8iec7u8RlTLg=="],

    "@esbuild/android-x64": ["@esbuild/android-x64@0.25.9", "", { "os": "android", "cpu": "x64" }, "sha512-I853iMZ1hWZdNllhVZKm34f4wErd4lMyeV7BLzEExGEIZYsOzqDWDf+y082izYUE8gtJnYHdeDpN/6tUdwvfiw=="],

    "@esbuild/darwin-arm64": ["@esbuild/darwin-arm64@0.25.9", "", { "os": "darwin", "cpu": "arm64" }, "sha512-XIpIDMAjOELi/9PB30vEbVMs3GV1v2zkkPnuyRRURbhqjyzIINwj+nbQATh4H9GxUgH1kFsEyQMxwiLFKUS6Rg=="],

    "@esbuild/darwin-x64": ["@esbuild/darwin-x64@0.25.9", "", { "os": "darwin", "cpu": "x64" }, "sha512-jhHfBzjYTA1IQu8VyrjCX4ApJDnH+ez+IYVEoJHeqJm9VhG9Dh2BYaJritkYK3vMaXrf7Ogr/0MQ8/MeIefsPQ=="],

    "@esbuild/freebsd-arm64": ["@esbuild/freebsd-arm64@0.25.9", "", { "os": "freebsd", "cpu": "arm64" }, "sha512-z93DmbnY6fX9+KdD4Ue/H6sYs+bhFQJNCPZsi4XWJoYblUqT06MQUdBCpcSfuiN72AbqeBFu5LVQTjfXDE2A6Q=="],

    "@esbuild/freebsd-x64": ["@esbuild/freebsd-x64@0.25.9", "", { "os": "freebsd", "cpu": "x64" }, "sha512-mrKX6H/vOyo5v71YfXWJxLVxgy1kyt1MQaD8wZJgJfG4gq4DpQGpgTB74e5yBeQdyMTbgxp0YtNj7NuHN0PoZg=="],

    "@esbuild/linux-arm": ["@esbuild/linux-arm@0.25.9", "", { "os": "linux", "cpu": "arm" }, "sha512-HBU2Xv78SMgaydBmdor38lg8YDnFKSARg1Q6AT0/y2ezUAKiZvc211RDFHlEZRFNRVhcMamiToo7bDx3VEOYQw=="],

    "@esbuild/linux-arm64": ["@esbuild/linux-arm64@0.25.9", "", { "os": "linux", "cpu": "arm64" }, "sha512-BlB7bIcLT3G26urh5Dmse7fiLmLXnRlopw4s8DalgZ8ef79Jj4aUcYbk90g8iCa2467HX8SAIidbL7gsqXHdRw=="],

    "@esbuild/linux-ia32": ["@esbuild/linux-ia32@0.25.9", "", { "os": "linux", "cpu": "ia32" }, "sha512-e7S3MOJPZGp2QW6AK6+Ly81rC7oOSerQ+P8L0ta4FhVi+/j/v2yZzx5CqqDaWjtPFfYz21Vi1S0auHrap3Ma3A=="],

    "@esbuild/linux-loong64": ["@esbuild/linux-loong64@0.25.9", "", { "os": "linux", "cpu": "none" }, "sha512-Sbe10Bnn0oUAB2AalYztvGcK+o6YFFA/9829PhOCUS9vkJElXGdphz0A3DbMdP8gmKkqPmPcMJmJOrI3VYB1JQ=="],

    "@esbuild/linux-mips64el": ["@esbuild/linux-mips64el@0.25.9", "", { "os": "linux", "cpu": "none" }, "sha512-YcM5br0mVyZw2jcQeLIkhWtKPeVfAerES5PvOzaDxVtIyZ2NUBZKNLjC5z3/fUlDgT6w89VsxP2qzNipOaaDyA=="],

    "@esbuild/linux-ppc64": ["@esbuild/linux-ppc64@0.25.9", "", { "os": "linux", "cpu": "ppc64" }, "sha512-++0HQvasdo20JytyDpFvQtNrEsAgNG2CY1CLMwGXfFTKGBGQT3bOeLSYE2l1fYdvML5KUuwn9Z8L1EWe2tzs1w=="],

    "@esbuild/linux-riscv64": ["@esbuild/linux-riscv64@0.25.9", "", { "os": "linux", "cpu": "none" }, "sha512-uNIBa279Y3fkjV+2cUjx36xkx7eSjb8IvnL01eXUKXez/CBHNRw5ekCGMPM0BcmqBxBcdgUWuUXmVWwm4CH9kg=="],

    "@esbuild/linux-s390x": ["@esbuild/linux-s390x@0.25.9", "", { "os": "linux", "cpu": "s390x" }, "sha512-Mfiphvp3MjC/lctb+7D287Xw1DGzqJPb/J2aHHcHxflUo+8tmN/6d4k6I2yFR7BVo5/g7x2Monq4+Yew0EHRIA=="],

    "@esbuild/linux-x64": ["@esbuild/linux-x64@0.25.9", "", { "os": "linux", "cpu": "x64" }, "sha512-iSwByxzRe48YVkmpbgoxVzn76BXjlYFXC7NvLYq+b+kDjyyk30J0JY47DIn8z1MO3K0oSl9fZoRmZPQI4Hklzg=="],

    "@esbuild/netbsd-arm64": ["@esbuild/netbsd-arm64@0.25.9", "", { "os": "none", "cpu": "arm64" }, "sha512-9jNJl6FqaUG+COdQMjSCGW4QiMHH88xWbvZ+kRVblZsWrkXlABuGdFJ1E9L7HK+T0Yqd4akKNa/lO0+jDxQD4Q=="],

    "@esbuild/netbsd-x64": ["@esbuild/netbsd-x64@0.25.9", "", { "os": "none", "cpu": "x64" }, "sha512-RLLdkflmqRG8KanPGOU7Rpg829ZHu8nFy5Pqdi9U01VYtG9Y0zOG6Vr2z4/S+/3zIyOxiK6cCeYNWOFR9QP87g=="],

    "@esbuild/openbsd-arm64": ["@esbuild/openbsd-arm64@0.25.9", "", { "os": "openbsd", "cpu": "arm64" }, "sha512-YaFBlPGeDasft5IIM+CQAhJAqS3St3nJzDEgsgFixcfZeyGPCd6eJBWzke5piZuZ7CtL656eOSYKk4Ls2C0FRQ=="],

    "@esbuild/openbsd-x64": ["@esbuild/openbsd-x64@0.25.9", "", { "os": "openbsd", "cpu": "x64" }, "sha512-1MkgTCuvMGWuqVtAvkpkXFmtL8XhWy+j4jaSO2wxfJtilVCi0ZE37b8uOdMItIHz4I6z1bWWtEX4CJwcKYLcuA=="],

    "@esbuild/openharmony-arm64": ["@esbuild/openharmony-arm64@0.25.9", "", { "os": "none", "cpu": "arm64" }, "sha512-4Xd0xNiMVXKh6Fa7HEJQbrpP3m3DDn43jKxMjxLLRjWnRsfxjORYJlXPO4JNcXtOyfajXorRKY9NkOpTHptErg=="],

    "@esbuild/sunos-x64": ["@esbuild/sunos-x64@0.25.9", "", { "os": "sunos", "cpu": "x64" }, "sha512-WjH4s6hzo00nNezhp3wFIAfmGZ8U7KtrJNlFMRKxiI9mxEK1scOMAaa9i4crUtu+tBr+0IN6JCuAcSBJZfnphw=="],

    "@esbuild/win32-arm64": ["@esbuild/win32-arm64@0.25.9", "", { "os": "win32", "cpu": "arm64" }, "sha512-mGFrVJHmZiRqmP8xFOc6b84/7xa5y5YvR1x8djzXpJBSv/UsNK6aqec+6JDjConTgvvQefdGhFDAs2DLAds6gQ=="],

    "@esbuild/win32-ia32": ["@esbuild/win32-ia32@0.25.9", "", { "os": "win32", "cpu": "ia32" }, "sha512-b33gLVU2k11nVx1OhX3C8QQP6UHQK4ZtN56oFWvVXvz2VkDoe6fbG8TOgHFxEvqeqohmRnIHe5A1+HADk4OQww=="],

    "@esbuild/win32-x64": ["@esbuild/win32-x64@0.25.9", "", { "os": "win32", "cpu": "x64" }, "sha512-PPOl1mi6lpLNQxnGoyAfschAodRFYXJ+9fs6WHXz7CSWKbOqiMZsubC+BQsVKuul+3vKLuwTHsS2c2y9EoKwxQ=="],

    "@pixi/accessibility": ["@pixi/accessibility@7.4.3", "", { "peerDependencies": { "@pixi/core": "7.4.3", "@pixi/display": "7.4.3", "@pixi/events": "7.4.3" } }, "sha512-tCr0yeWpMe0yucFvEPidy5a7gVJGpTjqGrDpSEBYT/kbScfUwcoX49RrckCCCiXDlyO4WRh9lVVuHXTvqRLIMg=="],

    "@pixi/app": ["@pixi/app@7.4.3", "", { "peerDependencies": { "@pixi/core": "7.4.3", "@pixi/display": "7.4.3" } }, "sha512-opyWMuO0Ir8pf1DYUR++wAA6ZfNU+nIX2z95R2OD172HbcdhB4/HD7leLIIAny/LciEdMqlWEBhXK7N93YWbdg=="],

    "@pixi/assets": ["@pixi/assets@7.4.3", "", { "dependencies": { "@types/css-font-loading-module": "^0.0.12" }, "peerDependencies": { "@pixi/core": "7.4.3" } }, "sha512-StvjiJBSp/j9hHkGu8AFHNvwYUazXq64WhyhytztyDMRkg/l/cL7EcttY5T0qZNWlIpccdr60LUKrWDOuMpkiw=="],

    "@pixi/color": ["@pixi/color@7.4.3", "", { "dependencies": { "@pixi/colord": "^2.9.6" } }, "sha512-a6R+bXKeXMDcRmjYQoBIK+v2EYqxSX49wcjAY579EYM/WrFKS98nSees6lqVUcLKrcQh2DT9srJHX7XMny3voQ=="],

    "@pixi/colord": ["@pixi/colord@2.9.6", "", {}, "sha512-nezytU2pw587fQstUu1AsJZDVEynjskwOL+kibwcdxsMBFqPsFFNA7xl0ii/gXuDi6M0xj3mfRJj8pBSc2jCfA=="],

    "@pixi/compressed-textures": ["@pixi/compressed-textures@7.4.3", "", { "peerDependencies": { "@pixi/assets": "7.4.3", "@pixi/core": "7.4.3" } }, "sha512-uJ3CC+lNX4HIxs6IxEESO50/0A1KxSVm6CO9UlkXzTsNj9ynmdy5BkJ1dzii7LCdqGcHIXHO01yvKuUbJBBQtw=="],

    "@pixi/constants": ["@pixi/constants@7.4.3", "", {}, "sha512-QGmwJUNQy/vVEHzL6VGQvnwawLZ1wceZMI8HwJAT4/I2uAzbBeFDdmCS8WsTpSWLZjF/DszDc1D8BFp4pVJ5UQ=="],

    "@pixi/core": ["@pixi/core@7.4.3", "", { "dependencies": { "@pixi/color": "7.4.3", "@pixi/constants": "7.4.3", "@pixi/extensions": "7.4.3", "@pixi/math": "7.4.3", "@pixi/runner": "7.4.3", "@pixi/settings": "7.4.3", "@pixi/ticker": "7.4.3", "@pixi/utils": "7.4.3" } }, "sha512-5YDs11faWgVVTL8VZtLU05/Fl47vaP5Tnsbf+y/WRR0VSW3KhRRGTBU1J3Gdc2xEWbJhUK07KGP7eSZpvtPVgA=="],

    "@pixi/display": ["@pixi/display@7.4.3", "", { "peerDependencies": { "@pixi/core": "7.4.3" } }, "sha512-b5m2dAaoNAVdxz1oDaxl3XZ059NEOcNtGkxTOZ4EYCw/jcp9sZXkgSROHRzsGn4k+NugH7+9MP4Id2Z0kkdUhw=="],

    "@pixi/events": ["@pixi/events@7.4.3", "", { "peerDependencies": { "@pixi/core": "7.4.3", "@pixi/display": "7.4.3" } }, "sha512-o3j/5Dxq6WDVS6eHfURB/cf/MP+NcsF/eC5PnbSHjXxJmDE7PoTVwLvxexm5uuvNRpFh/6/Fn0V8Vl4gV8sc8w=="],

    "@pixi/extensions": ["@pixi/extensions@7.4.3", "", {}, "sha512-FhoiYkHQEDYHUE7wXhqfsTRz6KxLXjuMbSiAwnLb9uG1vAgp6q6qd6HEsf4X30YaZbLFY8a4KY6hFZWjF+4Fdw=="],

    "@pixi/extract": ["@pixi/extract@7.4.3", "", { "peerDependencies": { "@pixi/core": "7.4.3" } }, "sha512-HNvGNrEVaeVsbcnIO1MsHpjZbTwo9nIlaOEBzDGcL6JWwzuB1RnzUke7WUCndCUt91sGUdvPnvgCvy9/NNFg3w=="],

    "@pixi/filter-alpha": ["@pixi/filter-alpha@7.4.3", "", { "peerDependencies": { "@pixi/core": "7.4.3" } }, "sha512-YFdUB1I53USQb+9TEhS849dV2KZhbnNGIoBbOSThUJfXQc4pDguIFWMagVToAQYgmZ4C4AtYfVjaSEELrMcCdA=="],

    "@pixi/filter-blur": ["@pixi/filter-blur@7.4.3", "", { "peerDependencies": { "@pixi/core": "7.4.3" } }, "sha512-ZFzS9L/whdRbs5A/EUgF3yQaBcxNarmbuwaMgrfnpQ84mRczkGByqDLGToadiufyals07ufTrXBGRle9lbtEDA=="],

    "@pixi/filter-color-matrix": ["@pixi/filter-color-matrix@7.4.3", "", { "peerDependencies": { "@pixi/core": "7.4.3" } }, "sha512-TNu0h20SrzjUWIb5v19dAp1vPpqtG0w2XF9kIHN91bMNaf3R1jzhpWG6TtaVO9eo1IolWcEJLw38jIohyC+KNw=="],

    "@pixi/filter-displacement": ["@pixi/filter-displacement@7.4.3", "", { "peerDependencies": { "@pixi/core": "7.4.3" } }, "sha512-ax+cFA2mEnKgqf9F8qInpv09GNWzjwnASLETpwPXzWBtlAlNCeHV2tCv3+SlMdEKUkwG9sA7AmjjjC2JBUyt+Q=="],

    "@pixi/filter-fxaa": ["@pixi/filter-fxaa@7.4.3", "", { "peerDependencies": { "@pixi/core": "7.4.3" } }, "sha512-y9jhho5cCflhEsPtNqqsd+XJHsb+/ysht4rG/VHQ8Z6pScHYpbgiEpowryGq8uSMQQwx6zKNS2DPiXdiOHPZsg=="],

    "@pixi/filter-noise": ["@pixi/filter-noise@7.4.3", "", { "peerDependencies": { "@pixi/core": "7.4.3" } }, "sha512-rwgSO3BKe1jW/P5CaOcfLKjfpl674aBEo/igi/3QLxA3ORhILNqWRsKkOwP8xF/ejI5NE4rMEkdv0LScbdGFhA=="],

    "@pixi/graphics": ["@pixi/graphics@7.4.3", "", { "peerDependencies": { "@pixi/core": "7.4.3", "@pixi/display": "7.4.3", "@pixi/sprite": "7.4.3" } }, "sha512-wWLivD8/URb8A7X4TqCZGG39C91IE+aOuWY/z9NCz5Z6WvA/VWnsc5fLTlO+ggjGHgKF0cSucCXZfUe1wm0AOQ=="],

    "@pixi/math": ["@pixi/math@7.4.3", "", {}, "sha512-/uJOVhR2DOZ+zgdI6Bs/CwcXT4bNRKsS+TqX3ekRIxPCwaLra+Qdm7aDxT5cTToDzdxbKL5+rwiLu3Y1egILDw=="],

    "@pixi/mesh": ["@pixi/mesh@7.4.3", "", { "peerDependencies": { "@pixi/core": "7.4.3", "@pixi/display": "7.4.3" } }, "sha512-CikqFPtKvU3Zj986/MSoC8X39CWv5CEpiEW/tYp47p4tgQNDSkNWYnDiNYgb+4VX6pNsBrgX4DALLdTR17SlSA=="],

    "@pixi/mesh-extras": ["@pixi/mesh-extras@7.4.3", "", { "peerDependencies": { "@pixi/core": "7.4.3", "@pixi/mesh": "7.4.3" } }, "sha512-EqpxpVZoTObyupxMSzuUsCGmWPQioW84n9EO9Ajawkk/HYA+qKFZ5viKiEThIUBYgv4Apn/7c0U3Feg7Ez4uQQ=="],

    "@pixi/mixin-cache-as-bitmap": ["@pixi/mixin-cache-as-bitmap@7.4.3", "", { "peerDependencies": { "@pixi/core": "7.4.3", "@pixi/display": "7.4.3", "@pixi/sprite": "7.4.3" } }, "sha512-NgvDdgSgd2tfcTSc+SWF12JJjVVz5ZrkSlhX0idSp/LSako82AiFJlD2xqH9GUsEcA6sqBBlnu7nrGkPTHQdhA=="],

    "@pixi/mixin-get-child-by-name": ["@pixi/mixin-get-child-by-name@7.4.3", "", { "peerDependencies": { "@pixi/display": "7.4.3" } }, "sha512-HLhDxHwafQT+CxbqQx9w9ivJIyAOg9JJ/6m4fNymVuDWeuMGcxDxBD7DukdUYIieT+RD/RlxdPEmq8YoromlFA=="],

    "@pixi/mixin-get-global-position": ["@pixi/mixin-get-global-position@7.4.3", "", { "peerDependencies": { "@pixi/core": "7.4.3", "@pixi/display": "7.4.3" } }, "sha512-k09kvkS379EypCIWgXMY7uiXtWk1BsaJyTYlV16Co0AsmNPdFd+wUozMx1xV6rxcGiWXsxr/1k9fbETuYkcXCQ=="],

    "@pixi/particle-container": ["@pixi/particle-container@7.4.3", "", { "peerDependencies": { "@pixi/core": "7.4.3", "@pixi/display": "7.4.3", "@pixi/sprite": "7.4.3" } }, "sha512-0DfJF5C0XTfuI2FsLYvMKCOtqWjXWGOWfA6m4l0W/Ke/qw5zKIOEhgjPLw4qNRtOhmEfkVKJUGp66Ap/ya2YzA=="],

    "@pixi/prepare": ["@pixi/prepare@7.4.3", "", { "peerDependencies": { "@pixi/core": "7.4.3", "@pixi/display": "7.4.3", "@pixi/graphics": "7.4.3", "@pixi/text": "7.4.3" } }, "sha512-OjJHGKXPzwP5OLKxBnTBnKMOktHynLvO0TQPqTYgNtmGQzY109mypCqM4M+s/V+uYmBo/T+sXvBahj98q/f1tA=="],

    "@pixi/runner": ["@pixi/runner@7.4.3", "", {}, "sha512-TJyfp7y23u5vvRAyYhVSa7ytq0PdKSvPLXu4G3meoFh1oxTLHH6g/RIzLuxUAThPG2z7ftthuW3qWq6dRV+dhw=="],

    "@pixi/settings": ["@pixi/settings@7.4.3", "", { "dependencies": { "@pixi/constants": "7.4.3", "@types/css-font-loading-module": "^0.0.12", "ismobilejs": "^1.1.0" } }, "sha512-SmGK8smc0PxRB9nr0UJioEtE9hl4gvj9OedCvZx3bxBwA3omA5BmP3CyhQfN8XJ29+o2OUL01r3zAPVol4l4lA=="],

    "@pixi/sprite": ["@pixi/sprite@7.4.3", "", { "peerDependencies": { "@pixi/core": "7.4.3", "@pixi/display": "7.4.3" } }, "sha512-iNBrpOFF9nXDT6m2jcyYy6l/sRzklLDDck1eFHprHZwvNquY2nzRfh+RGBCecxhBcijiLJ3fsZN33fP0LDXkvw=="],

    "@pixi/sprite-animated": ["@pixi/sprite-animated@7.4.3", "", { "peerDependencies": { "@pixi/core": "7.4.3", "@pixi/sprite": "7.4.3" } }, "sha512-mw5YIec8KfO1Jv9qrDNvGoD7Dlmcgww5YlMtd+ARi7Zzo+6ziNw899LXtoaKX1+3BXdZbYNyJAx3C5r30NtwXA=="],

    "@pixi/sprite-tiling": ["@pixi/sprite-tiling@7.4.3", "", { "peerDependencies": { "@pixi/core": "7.4.3", "@pixi/display": "7.4.3", "@pixi/sprite": "7.4.3" } }, "sha512-kUa9cEcMsGXSIZoXA7LhW4oo0eWa30w0KYd7mZ0bqalBMfOcvsGZMN701Lc5lpE8URw+8yu5bnyGLbrxhWBTuw=="],

    "@pixi/spritesheet": ["@pixi/spritesheet@7.4.3", "", { "peerDependencies": { "@pixi/assets": "7.4.3", "@pixi/core": "7.4.3" } }, "sha512-Ce4xZzUxUSKfiROUjjVCBYNLuCcDEWKJ822bSV9rkgVHItu3q04VnEww0DXO+9K0hKv4Ukjjk8aP6Pz0LgPm7A=="],

    "@pixi/text": ["@pixi/text@7.4.3", "", { "peerDependencies": { "@pixi/core": "7.4.3", "@pixi/sprite": "7.4.3" } }, "sha512-IAF0iu04rPg3oiL0HZsEZI44fpJxq3UZ4xTmx8l1RyhhSXiElLvvSlSH57vt/BKMQZtCs+AqEit7yn8heK2+nQ=="],

    "@pixi/text-bitmap": ["@pixi/text-bitmap@7.4.3", "", { "peerDependencies": { "@pixi/assets": "7.4.3", "@pixi/core": "7.4.3", "@pixi/display": "7.4.3", "@pixi/mesh": "7.4.3", "@pixi/text": "7.4.3" } }, "sha512-TnBocJm7f5nMAYwYcsojc62uCrOYauAGH26o3pNrlqmHDRDQ7FzPOGvkYZGYFREbUycloLSRlYpSy0FB9ZdV4Q=="],

    "@pixi/text-html": ["@pixi/text-html@7.4.3", "", { "peerDependencies": { "@pixi/core": "7.4.3", "@pixi/display": "7.4.3", "@pixi/sprite": "7.4.3", "@pixi/text": "7.4.3" } }, "sha512-nm9K9gjSZAU8ETwQZBE3kMGNdO1IzyghxoRTcJCWKhekiGDpUQhopfNhqieNZ7reVJpvhpFQWjbyaHDehndUaQ=="],

    "@pixi/ticker": ["@pixi/ticker@7.4.3", "", { "dependencies": { "@pixi/extensions": "7.4.3", "@pixi/settings": "7.4.3", "@pixi/utils": "7.4.3" } }, "sha512-tHsAD0iOUb6QSGGw+c8cyRBvxsq/NlfzIFBZLEHhWZ+Bx4a0MmXup6I/yJDGmyPCYE+ctCcAfY13wKAzdiVFgQ=="],

    "@pixi/utils": ["@pixi/utils@7.4.3", "", { "dependencies": { "@pixi/color": "7.4.3", "@pixi/constants": "7.4.3", "@pixi/settings": "7.4.3", "@types/earcut": "^2.1.0", "earcut": "^2.2.4", "eventemitter3": "^4.0.0", "url": "^0.11.0" } }, "sha512-NO3Y9HAn2UKS1YdxffqsPp+kDpVm8XWvkZcS/E+rBzY9VTLnNOI7cawSRm+dacdET3a8Jad3aDKEDZ0HmAqAFA=="],

    "@rollup/rollup-android-arm-eabi": ["@rollup/rollup-android-arm-eabi@4.46.2", "", { "os": "android", "cpu": "arm" }, "sha512-Zj3Hl6sN34xJtMv7Anwb5Gu01yujyE/cLBDB2gnHTAHaWS1Z38L7kuSG+oAh0giZMqG060f/YBStXtMH6FvPMA=="],

    "@rollup/rollup-android-arm64": ["@rollup/rollup-android-arm64@4.46.2", "", { "os": "android", "cpu": "arm64" }, "sha512-nTeCWY83kN64oQ5MGz3CgtPx8NSOhC5lWtsjTs+8JAJNLcP3QbLCtDDgUKQc/Ro/frpMq4SHUaHN6AMltcEoLQ=="],

    "@rollup/rollup-darwin-arm64": ["@rollup/rollup-darwin-arm64@4.46.2", "", { "os": "darwin", "cpu": "arm64" }, "sha512-HV7bW2Fb/F5KPdM/9bApunQh68YVDU8sO8BvcW9OngQVN3HHHkw99wFupuUJfGR9pYLLAjcAOA6iO+evsbBaPQ=="],

    "@rollup/rollup-darwin-x64": ["@rollup/rollup-darwin-x64@4.46.2", "", { "os": "darwin", "cpu": "x64" }, "sha512-SSj8TlYV5nJixSsm/y3QXfhspSiLYP11zpfwp6G/YDXctf3Xkdnk4woJIF5VQe0of2OjzTt8EsxnJDCdHd2xMA=="],

    "@rollup/rollup-freebsd-arm64": ["@rollup/rollup-freebsd-arm64@4.46.2", "", { "os": "freebsd", "cpu": "arm64" }, "sha512-ZyrsG4TIT9xnOlLsSSi9w/X29tCbK1yegE49RYm3tu3wF1L/B6LVMqnEWyDB26d9Ecx9zrmXCiPmIabVuLmNSg=="],

    "@rollup/rollup-freebsd-x64": ["@rollup/rollup-freebsd-x64@4.46.2", "", { "os": "freebsd", "cpu": "x64" }, "sha512-pCgHFoOECwVCJ5GFq8+gR8SBKnMO+xe5UEqbemxBpCKYQddRQMgomv1104RnLSg7nNvgKy05sLsY51+OVRyiVw=="],

    "@rollup/rollup-linux-arm-gnueabihf": ["@rollup/rollup-linux-arm-gnueabihf@4.46.2", "", { "os": "linux", "cpu": "arm" }, "sha512-EtP8aquZ0xQg0ETFcxUbU71MZlHaw9MChwrQzatiE8U/bvi5uv/oChExXC4mWhjiqK7azGJBqU0tt5H123SzVA=="],

    "@rollup/rollup-linux-arm-musleabihf": ["@rollup/rollup-linux-arm-musleabihf@4.46.2", "", { "os": "linux", "cpu": "arm" }, "sha512-qO7F7U3u1nfxYRPM8HqFtLd+raev2K137dsV08q/LRKRLEc7RsiDWihUnrINdsWQxPR9jqZ8DIIZ1zJJAm5PjQ=="],

    "@rollup/rollup-linux-arm64-gnu": ["@rollup/rollup-linux-arm64-gnu@4.46.2", "", { "os": "linux", "cpu": "arm64" }, "sha512-3dRaqLfcOXYsfvw5xMrxAk9Lb1f395gkoBYzSFcc/scgRFptRXL9DOaDpMiehf9CO8ZDRJW2z45b6fpU5nwjng=="],

    "@rollup/rollup-linux-arm64-musl": ["@rollup/rollup-linux-arm64-musl@4.46.2", "", { "os": "linux", "cpu": "arm64" }, "sha512-fhHFTutA7SM+IrR6lIfiHskxmpmPTJUXpWIsBXpeEwNgZzZZSg/q4i6FU4J8qOGyJ0TR+wXBwx/L7Ho9z0+uDg=="],

    "@rollup/rollup-linux-loongarch64-gnu": ["@rollup/rollup-linux-loongarch64-gnu@4.46.2", "", { "os": "linux", "cpu": "none" }, "sha512-i7wfGFXu8x4+FRqPymzjD+Hyav8l95UIZ773j7J7zRYc3Xsxy2wIn4x+llpunexXe6laaO72iEjeeGyUFmjKeA=="],

    "@rollup/rollup-linux-ppc64-gnu": ["@rollup/rollup-linux-ppc64-gnu@4.46.2", "", { "os": "linux", "cpu": "ppc64" }, "sha512-B/l0dFcHVUnqcGZWKcWBSV2PF01YUt0Rvlurci5P+neqY/yMKchGU8ullZvIv5e8Y1C6wOn+U03mrDylP5q9Yw=="],

    "@rollup/rollup-linux-riscv64-gnu": ["@rollup/rollup-linux-riscv64-gnu@4.46.2", "", { "os": "linux", "cpu": "none" }, "sha512-32k4ENb5ygtkMwPMucAb8MtV8olkPT03oiTxJbgkJa7lJ7dZMr0GCFJlyvy+K8iq7F/iuOr41ZdUHaOiqyR3iQ=="],

    "@rollup/rollup-linux-riscv64-musl": ["@rollup/rollup-linux-riscv64-musl@4.46.2", "", { "os": "linux", "cpu": "none" }, "sha512-t5B2loThlFEauloaQkZg9gxV05BYeITLvLkWOkRXogP4qHXLkWSbSHKM9S6H1schf/0YGP/qNKtiISlxvfmmZw=="],

    "@rollup/rollup-linux-s390x-gnu": ["@rollup/rollup-linux-s390x-gnu@4.46.2", "", { "os": "linux", "cpu": "s390x" }, "sha512-YKjekwTEKgbB7n17gmODSmJVUIvj8CX7q5442/CK80L8nqOUbMtf8b01QkG3jOqyr1rotrAnW6B/qiHwfcuWQA=="],

    "@rollup/rollup-linux-x64-gnu": ["@rollup/rollup-linux-x64-gnu@4.46.2", "", { "os": "linux", "cpu": "x64" }, "sha512-Jj5a9RUoe5ra+MEyERkDKLwTXVu6s3aACP51nkfnK9wJTraCC8IMe3snOfALkrjTYd2G1ViE1hICj0fZ7ALBPA=="],

    "@rollup/rollup-linux-x64-musl": ["@rollup/rollup-linux-x64-musl@4.46.2", "", { "os": "linux", "cpu": "x64" }, "sha512-7kX69DIrBeD7yNp4A5b81izs8BqoZkCIaxQaOpumcJ1S/kmqNFjPhDu1LHeVXv0SexfHQv5cqHsxLOjETuqDuA=="],

    "@rollup/rollup-win32-arm64-msvc": ["@rollup/rollup-win32-arm64-msvc@4.46.2", "", { "os": "win32", "cpu": "arm64" }, "sha512-wiJWMIpeaak/jsbaq2HMh/rzZxHVW1rU6coyeNNpMwk5isiPjSTx0a4YLSlYDwBH/WBvLz+EtsNqQScZTLJy3g=="],

    "@rollup/rollup-win32-ia32-msvc": ["@rollup/rollup-win32-ia32-msvc@4.46.2", "", { "os": "win32", "cpu": "ia32" }, "sha512-gBgaUDESVzMgWZhcyjfs9QFK16D8K6QZpwAaVNJxYDLHWayOta4ZMjGm/vsAEy3hvlS2GosVFlBlP9/Wb85DqQ=="],

    "@rollup/rollup-win32-x64-msvc": ["@rollup/rollup-win32-x64-msvc@4.46.2", "", { "os": "win32", "cpu": "x64" }, "sha512-CvUo2ixeIQGtF6WvuB87XWqPQkoFAFqW+HUo/WzHwuHDvIwZCtjdWXoYCcr06iKGydiqTclC4jU/TNObC/xKZg=="],

    "@teppeis/multimaps": ["@teppeis/multimaps@3.0.0", "", {}, "sha512-ID7fosbc50TbT0MK0EG12O+gAP3W3Aa/Pz4DaTtQtEvlc9Odaqi0de+xuZ7Li2GtK4HzEX7IuRWS/JmZLksR3Q=="],

    "@types/css-font-loading-module": ["@types/css-font-loading-module@0.0.12", "", {}, "sha512-x2tZZYkSxXqWvTDgveSynfjq/T2HyiZHXb00j/+gy19yp70PHCizM48XFdjBCWH7eHBD0R5i/pw9yMBP/BH5uA=="],

    "@types/earcut": ["@types/earcut@2.1.4", "", {}, "sha512-qp3m9PPz4gULB9MhjGID7wpo3gJ4bTGXm7ltNDsmOvsPduTeHp8wSW9YckBj3mljeOh4F0m2z/0JKAALRKbmLQ=="],

    "@types/estree": ["@types/estree@1.0.8", "", {}, "sha512-dWHzHa2WqEXI/O1E9OjrocMTKJl2mSrEolh1Iomrv6U+JuNwaHXsXx9bLu5gG7BUWFIN0skIQJQ/L1rIex4X6w=="],

    "babylonjs": ["babylonjs@8.23.1", "", {}, "sha512-5MMNKMrPcTDd5wX1Gfi0KPirmvcUzPqS4+PFv6h4/R9nkwSl+JsNr79F2w5tGQ4/hUAzdf18Jv7xa+289v1IZQ=="],

    "call-bind-apply-helpers": ["call-bind-apply-helpers@1.0.2", "", { "dependencies": { "es-errors": "^1.3.0", "function-bind": "^1.1.2" } }, "sha512-Sp1ablJ0ivDkSzjcaJdxEunN5/XvksFJ2sMBFfq6x0ryhQV/2b/KwFe21cMpmHtPOSij8K99/wSfoEuTObmuMQ=="],

    "call-bound": ["call-bound@1.0.4", "", { "dependencies": { "call-bind-apply-helpers": "^1.0.2", "get-intrinsic": "^1.3.0" } }, "sha512-+ys997U96po4Kx/ABpBCqhA9EuxJaQWDQg7295H4hBphv3IZg0boBKuwYpt4YXp6MZ5AmZQnU/tyMTlRpaSejg=="],

    "core-js": ["core-js@3.45.0", "", {}, "sha512-c2KZL9lP4DjkN3hk/an4pWn5b5ZefhRJnAc42n6LJ19kSnbeRbdQZE5dSeE2LBol1OwJD3X1BQvFTAsa8ReeDA=="],

    "dunder-proto": ["dunder-proto@1.0.1", "", { "dependencies": { "call-bind-apply-helpers": "^1.0.1", "es-errors": "^1.3.0", "gopd": "^1.2.0" } }, "sha512-KIN/nDJBQRcXw0MLVhZE9iQHmG68qAVIBg9CqmUYjmQIhgij9U5MFvrqkUL5FbtyyzZuOeOt0zdeRe4UY7ct+A=="],

    "earcut": ["earcut@2.2.4", "", {}, "sha512-/pjZsA1b4RPHbeWZQn66SWS8nZZWLQQ23oE3Eam7aroEFGEvwKAsJfZ9ytiEMycfzXWpca4FA9QIOehf7PocBQ=="],

    "es-define-property": ["es-define-property@1.0.1", "", {}, "sha512-e3nRfgfUZ4rNGL232gUgX06QNyyez04KdjFrF+LTRoOXmrOgFKDg4BCdsjW8EnT69eqdYGmRpJwiPVYNrCaW3g=="],

    "es-errors": ["es-errors@1.3.0", "", {}, "sha512-Zf5H2Kxt2xjTvbJvP2ZWLEICxA6j+hAmMzIlypy4xcBg1vKVnx89Wy0GbS+kf5cwCVFFzdCFh2XSCFNULS6csw=="],

    "es-object-atoms": ["es-object-atoms@1.1.1", "", { "dependencies": { "es-errors": "^1.3.0" } }, "sha512-FGgH2h8zKNim9ljj7dankFPcICIK9Cp5bm+c2gQSYePhpaG5+esrLODihIorn+Pe6FGJzWhXQotPv73jTaldXA=="],

    "esbuild": ["esbuild@0.25.9", "", { "optionalDependencies": { "@esbuild/aix-ppc64": "0.25.9", "@esbuild/android-arm": "0.25.9", "@esbuild/android-arm64": "0.25.9", "@esbuild/android-x64": "0.25.9", "@esbuild/darwin-arm64": "0.25.9", "@esbuild/darwin-x64": "0.25.9", "@esbuild/freebsd-arm64": "0.25.9", "@esbuild/freebsd-x64": "0.25.9", "@esbuild/linux-arm": "0.25.9", "@esbuild/linux-arm64": "0.25.9", "@esbuild/linux-ia32": "0.25.9", "@esbuild/linux-loong64": "0.25.9", "@esbuild/linux-mips64el": "0.25.9", "@esbuild/linux-ppc64": "0.25.9", "@esbuild/linux-riscv64": "0.25.9", "@esbuild/linux-s390x": "0.25.9", "@esbuild/linux-x64": "0.25.9", "@esbuild/netbsd-arm64": "0.25.9", "@esbuild/netbsd-x64": "0.25.9", "@esbuild/openbsd-arm64": "0.25.9", "@esbuild/openbsd-x64": "0.25.9", "@esbuild/openharmony-arm64": "0.25.9", "@esbuild/sunos-x64": "0.25.9", "@esbuild/win32-arm64": "0.25.9", "@esbuild/win32-ia32": "0.25.9", "@esbuild/win32-x64": "0.25.9" }, "bin": { "esbuild": "bin/esbuild" } }, "sha512-CRbODhYyQx3qp7ZEwzxOk4JBqmD/seJrzPa/cGjY1VtIn5E09Oi9/dB4JwctnfZ8Q8iT7rioVv5k/FNT/uf54g=="],

    "eventemitter3": ["eventemitter3@5.0.1", "", {}, "sha512-GWkBvjiSZK87ELrYOSESUYeVIc9mvLLf/nXalMOS5dYrgZq9o5OVkbZAVM06CVxYsCwH9BDZFPlQTlPA1j4ahA=="],

    "excalibur": ["excalibur@0.30.3", "", {}, "sha512-RUP3qQ6tFe9BJxvqh6p/I0B9rKMu+KGlHZruJyVOohiYUtCP0LsRgkVHxezvWtWsvCElVBL4PeCooE4KPlIldA=="],

    "fdir": ["fdir@6.5.0", "", { "peerDependencies": { "picomatch": "^3 || ^4" }, "optionalPeers": ["picomatch"] }, "sha512-tIbYtZbucOs0BRGqPJkshJUYdL+SDH7dVM8gjy+ERp3WAUjLEFJE+02kanyHtwjWOnwrKYBiwAmM0p4kLJAnXg=="],

    "fpsmeter": ["fpsmeter@0.3.1", "", {}, "sha512-i3zzNJwGkA+9WWIXpAtP0TCN64eO5VkKQgirYE7ZCVqyC3NfUPszU35R044fmSCjiMqefiBs5NiGKvD7lFJ87Q=="],

    "fsevents": ["fsevents@2.3.3", "", { "os": "darwin" }, "sha512-5xoDfX+fL7faATnagmWPpbFtwh/R77WmMMqqHGS65C3vvB0YHrgF+B1YmZ3441tMj5n63k0212XNoJwzlhffQw=="],

    "function-bind": ["function-bind@1.1.2", "", {}, "sha512-7XHNxH7qX9xG5mIwxkhumTox/MIRNcOgDrxWsMt2pAr23WHp6MrRlN7FBSFpCpr+oVO0F744iUgR82nJMfG2SA=="],

    "get-intrinsic": ["get-intrinsic@1.3.0", "", { "dependencies": { "call-bind-apply-helpers": "^1.0.2", "es-define-property": "^1.0.1", "es-errors": "^1.3.0", "es-object-atoms": "^1.1.1", "function-bind": "^1.1.2", "get-proto": "^1.0.1", "gopd": "^1.2.0", "has-symbols": "^1.1.0", "hasown": "^2.0.2", "math-intrinsics": "^1.1.0" } }, "sha512-9fSjSaos/fRIVIp+xSJlE6lfwhES7LNtKaCBIamHsjr2na1BiABJPo0mOjjz8GJDURarmCPGqaiVg5mfjb98CQ=="],

    "get-proto": ["get-proto@1.0.1", "", { "dependencies": { "dunder-proto": "^1.0.1", "es-object-atoms": "^1.0.0" } }, "sha512-sTSfBjoXBp89JvIKIefqw7U2CCebsc74kiY6awiGogKtoSGbgjYE/G/+l9sF3MWFPNc9IcoOC4ODfKHfxFmp0g=="],

    "gopd": ["gopd@1.2.0", "", {}, "sha512-ZUKRh6/kUFoAiTAtTYPZJ3hw9wNxx+BIBOijnlG9PnrJsCcSjs1wyyD6vJpaYtgnzDrKYRSqf3OO6Rfa93xsRg=="],

    "handlebars": ["handlebars@4.7.8", "", { "dependencies": { "minimist": "^1.2.5", "neo-async": "^2.6.2", "source-map": "^0.6.1", "wordwrap": "^1.0.0" }, "optionalDependencies": { "uglify-js": "^3.1.4" }, "bin": { "handlebars": "bin/handlebars" } }, "sha512-vafaFqs8MZkRrSX7sFVUdo3ap/eNiLnb4IakshzvP56X5Nr1iGKAIqdX6tMlm6HcNRIkr6AxO5jFEoJzzpT8aQ=="],

    "has-symbols": ["has-symbols@1.1.0", "", {}, "sha512-1cDNdwJ2Jaohmb3sg4OmKaMBwuC48sYni5HUw2DvsC8LjGTLK9h+eb1X6RyuOHe4hT0ULCW68iomhjUoKUqlPQ=="],

    "hasown": ["hasown@2.0.2", "", { "dependencies": { "function-bind": "^1.1.2" } }, "sha512-0hJU9SCPvmMzIBdZFqNPXWa6dqh7WdH0cII9y+CyS8rG3nL48Bclra9HmKhVVUHyPWNH5Y7xDwAB7bfgSjkUMQ=="],

    "hilojs": ["hilojs@2.0.2", "", {}, "sha512-PgRuYHTnXMeT4cP/rnhWqFX3xVY0BJ6+mwqIQI19MzSJ2eqLNlt0JpF2EjRJNGhtaLFH3QsXLkYnRjb7W+HGuA=="],

    "howler": ["howler@2.2.4", "", {}, "sha512-iARIBPgcQrwtEr+tALF+rapJ8qSc+Set2GJQl7xT1MQzWaVkFebdJhR3alVlSiUf5U7nAANKuj3aWpwerocD5w=="],

    "ismobilejs": ["ismobilejs@1.1.1", "", {}, "sha512-VaFW53yt8QO61k2WJui0dHf4SlL8lxBofUuUmwBo0ljPk0Drz2TiuDW4jo3wDcv41qy/SxrJ+VAzJ/qYqsmzRw=="],

    "kaboom": ["kaboom@2000.2.10", "", {}, "sha512-OHWdRuRMNkTkpO0/1R4ljS4+vpPtf6PvN+S0WTe+PkPB6Z61rmunw4SKTQDkrCt7dDzEIZTnK1G6s7rttd61Bw=="],

    "kaplay": ["kaplay@3001.0.19", "", {}, "sha512-T8GdXGXvgv/vbYVA1lcHzuDNVhp3juOJJE8OZs0vR5MdGNElBvANEeTSnqAAhJpSXtNxpeNy29pqkok3RnXKtg=="],

    "kontra": ["kontra@10.0.2", "", {}, "sha512-NJfxmWtwDi1rWjj/fhOVwW4txjEVsDNgNNHNzc87YnsN7qZlZlkLQ0mWt7SN6WEAMH2KmX4evgL3Cmc2zVOXvQ=="],

    "litecanvas": ["litecanvas@0.66.4", "", {}, "sha512-rf61a+zwG53Vcs4hePEJZQrWK+/8ZqqVDlCM3RV+rUkGoU8PXaUWVUZqI+dfZx9vFB5Ajnu7GMV5umdHEcO97Q=="],

    "math-intrinsics": ["math-intrinsics@1.1.0", "", {}, "sha512-/IXtbwEk5HTPyEwyKX6hGkYXxM9nbj64B+ilVJnC/R6B0pH5G4V3b0pVbL7DBj4tkhBAppbQUlf6F6Xl9LHu1g=="],

    "melonjs": ["melonjs@17.4.0", "", { "dependencies": { "@teppeis/multimaps": "^3.0.0", "core-js": "^3.37.1", "earcut": "2.2.4", "eventemitter3": "^5.0.1", "howler": "2.2.4", "semver": "^7.6.2", "whatwg-fetch": "^3.6.20" } }, "sha512-AktsRa7SbcVExlUBTtu7TJz4gfndZpooJBcfptFjL+t9JIjMxXJGWWajhPbNlSbsBIkmxrDQJDFeKPJlbAZebw=="],

    "minimist": ["minimist@1.2.8", "", {}, "sha512-2yyAR8qBkN3YuheJanUpWC5U3bb5osDywNB8RzDVlDwDHbocAJveqqj1u8+SVD7jkWT4yvsHCpWqqWqAxb0zCA=="],

    "nanoid": ["nanoid@3.3.11", "", { "bin": { "nanoid": "bin/nanoid.cjs" } }, "sha512-N8SpfPUnUp1bK+PMYW8qSWdl9U+wwNWI4QKxOYDy9JAro3WMX7p2OeVRF9v+347pnakNevPmiHhNmZ2HbFA76w=="],

    "neo-async": ["neo-async@2.6.2", "", {}, "sha512-Yd3UES5mWCSqR+qNT93S3UoYUkqAZ9lLg8a7g9rimsWmYGK8cVToA4/sF3RrshdyV3sAGMXVUmpMYOw+dLpOuw=="],

    "object-inspect": ["object-inspect@1.13.4", "", {}, "sha512-W67iLl4J2EXEGTbfeHCffrjDfitvLANg0UlX3wFUUSTx92KXRFegMHUVgSqE+wvhAbi4WqjGg9czysTV2Epbew=="],

    "phaser": ["phaser@3.90.0", "", { "dependencies": { "eventemitter3": "^5.0.1" } }, "sha512-/cziz/5ZIn02uDkC9RzN8VF9x3Gs3XdFFf9nkiMEQT3p7hQlWuyjy4QWosU802qqno2YSLn2BfqwOKLv/sSVfQ=="],

    "picocolors": ["picocolors@1.1.1", "", {}, "sha512-xceH2snhtb5M9liqDsmEw56le376mTZkEX/jEb/RxNFyegNul7eNslCXP9FDj/Lcu0X8KEyMceP2ntpaHrDEVA=="],

    "picomatch": ["picomatch@4.0.3", "", {}, "sha512-5gTmgEY/sqK6gFXLIsQNH19lWb4ebPDLA4SdLP7dsWkIXHWlG66oPuVvXSGFPppYZz8ZDZq0dYYrbHfBCVUb1Q=="],

    "pixi.js": ["pixi.js@7.4.3", "", { "dependencies": { "@pixi/accessibility": "7.4.3", "@pixi/app": "7.4.3", "@pixi/assets": "7.4.3", "@pixi/compressed-textures": "7.4.3", "@pixi/core": "7.4.3", "@pixi/display": "7.4.3", "@pixi/events": "7.4.3", "@pixi/extensions": "7.4.3", "@pixi/extract": "7.4.3", "@pixi/filter-alpha": "7.4.3", "@pixi/filter-blur": "7.4.3", "@pixi/filter-color-matrix": "7.4.3", "@pixi/filter-displacement": "7.4.3", "@pixi/filter-fxaa": "7.4.3", "@pixi/filter-noise": "7.4.3", "@pixi/graphics": "7.4.3", "@pixi/mesh": "7.4.3", "@pixi/mesh-extras": "7.4.3", "@pixi/mixin-cache-as-bitmap": "7.4.3", "@pixi/mixin-get-child-by-name": "7.4.3", "@pixi/mixin-get-global-position": "7.4.3", "@pixi/particle-container": "7.4.3", "@pixi/prepare": "7.4.3", "@pixi/sprite": "7.4.3", "@pixi/sprite-animated": "7.4.3", "@pixi/sprite-tiling": "7.4.3", "@pixi/spritesheet": "7.4.3", "@pixi/text": "7.4.3", "@pixi/text-bitmap": "7.4.3", "@pixi/text-html": "7.4.3" } }, "sha512-uIWdH0EI2dVgNoqN9aFaHCmR0V65OEhMkXs2sek3c/QP2ItV6UoM+ouX9esSv3ibo20F+J5D1XwnQhUZI6wqeQ=="],

    "postcss": ["postcss@8.5.6", "", { "dependencies": { "nanoid": "^3.3.11", "picocolors": "^1.1.1", "source-map-js": "^1.2.1" } }, "sha512-3Ybi1tAuwAP9s0r1UQ2J4n5Y0G05bJkpUIO0/bI9MhwmD70S5aTWbXGBwxHrelT+XM1k6dM0pk+SwNkpTRN7Pg=="],

    "punycode": ["punycode@1.4.1", "", {}, "sha512-jmYNElW7yvO7TV33CjSmvSiE2yco3bV2czu/OzDKdMNVZQWfxCblURLhf+47syQRBntjfLdd/H0egrzIG+oaFQ=="],

    "qs": ["qs@6.14.0", "", { "dependencies": { "side-channel": "^1.1.0" } }, "sha512-YWWTjgABSKcvs/nWBi9PycY/JiPJqOD4JA6o9Sej2AtvSGarXxKC3OQSk4pAarbdQlKAh5D4FCQkJNkW+GAn3w=="],

    "rollup": ["rollup@4.46.2", "", { "dependencies": { "@types/estree": "1.0.8" }, "optionalDependencies": { "@rollup/rollup-android-arm-eabi": "4.46.2", "@rollup/rollup-android-arm64": "4.46.2", "@rollup/rollup-darwin-arm64": "4.46.2", "@rollup/rollup-darwin-x64": "4.46.2", "@rollup/rollup-freebsd-arm64": "4.46.2", "@rollup/rollup-freebsd-x64": "4.46.2", "@rollup/rollup-linux-arm-gnueabihf": "4.46.2", "@rollup/rollup-linux-arm-musleabihf": "4.46.2", "@rollup/rollup-linux-arm64-gnu": "4.46.2", "@rollup/rollup-linux-arm64-musl": "4.46.2", "@rollup/rollup-linux-loongarch64-gnu": "4.46.2", "@rollup/rollup-linux-ppc64-gnu": "4.46.2", "@rollup/rollup-linux-riscv64-gnu": "4.46.2", "@rollup/rollup-linux-riscv64-musl": "4.46.2", "@rollup/rollup-linux-s390x-gnu": "4.46.2", "@rollup/rollup-linux-x64-gnu": "4.46.2", "@rollup/rollup-linux-x64-musl": "4.46.2", "@rollup/rollup-win32-arm64-msvc": "4.46.2", "@rollup/rollup-win32-ia32-msvc": "4.46.2", "@rollup/rollup-win32-x64-msvc": "4.46.2", "fsevents": "~2.3.2" }, "bin": { "rollup": "dist/bin/rollup" } }, "sha512-WMmLFI+Boh6xbop+OAGo9cQ3OgX9MIg7xOQjn+pTCwOkk+FNDAeAemXkJ3HzDJrVXleLOFVa1ipuc1AmEx1Dwg=="],

    "semver": ["semver@7.7.2", "", { "bin": { "semver": "bin/semver.js" } }, "sha512-RF0Fw+rO5AMf9MAyaRXI4AV0Ulj5lMHqVxxdSgiVbixSCXoEmmX/jk0CuJw4+3SqroYO9VoUh+HcuJivvtJemA=="],

    "side-channel": ["side-channel@1.1.0", "", { "dependencies": { "es-errors": "^1.3.0", "object-inspect": "^1.13.3", "side-channel-list": "^1.0.0", "side-channel-map": "^1.0.1", "side-channel-weakmap": "^1.0.2" } }, "sha512-ZX99e6tRweoUXqR+VBrslhda51Nh5MTQwou5tnUDgbtyM0dBgmhEDtWGP/xbKn6hqfPRHujUNwz5fy/wbbhnpw=="],

    "side-channel-list": ["side-channel-list@1.0.0", "", { "dependencies": { "es-errors": "^1.3.0", "object-inspect": "^1.13.3" } }, "sha512-FCLHtRD/gnpCiCHEiJLOwdmFP+wzCmDEkc9y7NsYxeF4u7Btsn1ZuwgwJGxImImHicJArLP4R0yX4c2KCrMrTA=="],

    "side-channel-map": ["side-channel-map@1.0.1", "", { "dependencies": { "call-bound": "^1.0.2", "es-errors": "^1.3.0", "get-intrinsic": "^1.2.5", "object-inspect": "^1.13.3" } }, "sha512-VCjCNfgMsby3tTdo02nbjtM/ewra6jPHmpThenkTYh8pG9ucZ/1P8So4u4FGBek/BjpOVsDCMoLA/iuBKIFXRA=="],

    "side-channel-weakmap": ["side-channel-weakmap@1.0.2", "", { "dependencies": { "call-bound": "^1.0.2", "es-errors": "^1.3.0", "get-intrinsic": "^1.2.5", "object-inspect": "^1.13.3", "side-channel-map": "^1.0.1" } }, "sha512-WPS/HvHQTYnHisLo9McqBHOJk2FkHO/tlpvldyrnem4aeQp4hai3gythswg6p01oSoTl58rcpiFAjF2br2Ak2A=="],

    "source-map": ["source-map@0.6.1", "", {}, "sha512-UjgapumWlbMhkBgzT7Ykc5YXUT46F0iKu8SGXq0bcwP5dz/h0Plj6enJqjz1Zbq2l5WaqYnrVbwWOWMyF3F47g=="],

    "source-map-js": ["source-map-js@1.2.1", "", {}, "sha512-UXWMKhLOwVKb728IUtQPXxfYU+usdybtUrK/8uGE8CQMvrhOpwvzDBwj0QhSL7MQc7vIsISBG8VQ8+IDQxpfQA=="],

    "three": ["three@0.148.0", "", {}, "sha512-8uzVV+qhTPi0bOFs/3te3RW6hb3urL8jYEl6irjCWo/l6sr8MPNMcClFev/MMYeIxr0gmDcoXTy/8LXh/LXkfw=="],

    "tinyglobby": ["tinyglobby@0.2.14", "", { "dependencies": { "fdir": "^6.4.4", "picomatch": "^4.0.2" } }, "sha512-tX5e7OM1HnYr2+a2C/4V0htOcSQcoSTH9KgJnVvNm5zm/cyEWKJ7j7YutsH9CxMdtOkkLFy2AHrMci9IM8IPZQ=="],

    "two.js": ["two.js@0.8.19", "", {}, "sha512-f1fNSysjnkMqbqAfnbsI/Fe/2PKCdviJNH4FT6DDvp/C7zc7mgimF2ugPL/Vio8O+/u+1AlQ0zLYd+EBeuiN7w=="],

    "uglify-js": ["uglify-js@3.19.3", "", { "bin": { "uglifyjs": "bin/uglifyjs" } }, "sha512-v3Xu+yuwBXisp6QYTcH4UbH+xYJXqnq2m/LtQVWKWzYc1iehYnLixoQDN9FH6/j9/oybfd6W9Ghwkl8+UMKTKQ=="],

    "url": ["url@0.11.4", "", { "dependencies": { "punycode": "^1.4.1", "qs": "^6.12.3" } }, "sha512-oCwdVC7mTuWiPyjLUz/COz5TLk6wgp0RCsN+wHZ2Ekneac9w8uuV0njcbbie2ME+Vs+d6duwmYuR3HgQXs1fOg=="],

    "vite": ["vite@7.1.2", "", { "dependencies": { "esbuild": "^0.25.0", "fdir": "^6.4.6", "picomatch": "^4.0.3", "postcss": "^8.5.6", "rollup": "^4.43.0", "tinyglobby": "^0.2.14" }, "optionalDependencies": { "fsevents": "~2.3.3" }, "peerDependencies": { "@types/node": "^20.19.0 || >=22.12.0", "jiti": ">=1.21.0", "less": "^4.0.0", "lightningcss": "^1.21.0", "sass": "^1.70.0", "sass-embedded": "^1.70.0", "stylus": ">=0.54.8", "sugarss": "^5.0.0", "terser": "^5.16.0", "tsx": "^4.8.1", "yaml": "^2.4.2" }, "optionalPeers": ["@types/node", "jiti", "less", "lightningcss", "sass", "sass-embedded", "stylus", "sugarss", "terser", "tsx", "yaml"], "bin": { "vite": "bin/vite.js" } }, "sha512-J0SQBPlQiEXAF7tajiH+rUooJPo0l8KQgyg4/aMunNtrOa7bwuZJsJbDWzeljqQpgftxuq5yNJxQ91O9ts29UQ=="],

    "vite-plugin-handlebars": ["vite-plugin-handlebars@2.0.0", "", { "dependencies": { "handlebars": "^4.7.6", "vite": "^5.0.0" } }, "sha512-+J3It0nyhPzx4nT1I+fnWH+jShTEXzm6X0Tgsggdm9IYFD7/eJ6a3ROI13HTe0CVoyaxm/fPxH5HDAKyfz7T0g=="],

    "whatwg-fetch": ["whatwg-fetch@3.6.20", "", {}, "sha512-EqhiFU6daOA8kpjOWTL0olhVOF3i7OrFzSYiGsEMB8GcXS+RrzauAERX65xMeNWVqxA6HXH2m69Z9LaKKdisfg=="],

    "wordwrap": ["wordwrap@1.0.0", "", {}, "sha512-gvVzJFlPycKc5dZN4yPkP8w7Dc37BtP1yczEneOb4uq34pXZcvrtRTmWV8W+Ume+XCxKgbjM+nevkyFPMybd4Q=="],

    "@pixi/utils/eventemitter3": ["eventemitter3@4.0.7", "", {}, "sha512-8guHBZCwKnFhYdHr2ysuRWErTwhoN2X8XELRlrRwpmfeY2jjuUN4taQMsULKUVo1K4DvZl+0pgfyoysHxvmvEw=="],

    "vite-plugin-handlebars/vite": ["vite@5.4.19", "", { "dependencies": { "esbuild": "^0.21.3", "postcss": "^8.4.43", "rollup": "^4.20.0" }, "optionalDependencies": { "fsevents": "~2.3.3" }, "peerDependencies": { "@types/node": "^18.0.0 || >=20.0.0", "less": "*", "lightningcss": "^1.21.0", "sass": "*", "sass-embedded": "*", "stylus": "*", "sugarss": "*", "terser": "^5.4.0" }, "optionalPeers": ["@types/node", "less", "lightningcss", "sass", "sass-embedded", "stylus", "sugarss", "terser"], "bin": { "vite": "bin/vite.js" } }, "sha512-qO3aKv3HoQC8QKiNSTuUM1l9o/XX3+c+VTgLHbJWHZGeTPVAg2XwazI9UWzoxjIJCGCV2zU60uqMzjeLZuULqA=="],

    "vite-plugin-handlebars/vite/esbuild": ["esbuild@0.21.5", "", { "optionalDependencies": { "@esbuild/aix-ppc64": "0.21.5", "@esbuild/android-arm": "0.21.5", "@esbuild/android-arm64": "0.21.5", "@esbuild/android-x64": "0.21.5", "@esbuild/darwin-arm64": "0.21.5", "@esbuild/darwin-x64": "0.21.5", "@esbuild/freebsd-arm64": "0.21.5", "@esbuild/freebsd-x64": "0.21.5", "@esbuild/linux-arm": "0.21.5", "@esbuild/linux-arm64": "0.21.5", "@esbuild/linux-ia32": "0.21.5", "@esbuild/linux-loong64": "0.21.5", "@esbuild/linux-mips64el": "0.21.5", "@esbuild/linux-ppc64": "0.21.5", "@esbuild/linux-riscv64": "0.21.5", "@esbuild/linux-s390x": "0.21.5", "@esbuild/linux-x64": "0.21.5", "@esbuild/netbsd-x64": "0.21.5", "@esbuild/openbsd-x64": "0.21.5", "@esbuild/sunos-x64": "0.21.5", "@esbuild/win32-arm64": "0.21.5", "@esbuild/win32-ia32": "0.21.5", "@esbuild/win32-x64": "0.21.5" }, "bin": { "esbuild": "bin/esbuild" } }, "sha512-mg3OPMV4hXywwpoDxu3Qda5xCKQi+vCTZq8S9J/EpkhB2HzKXq4SNFZE3+NK93JYxc8VMSep+lOUSC/RVKaBqw=="],

    "vite-plugin-handlebars/vite/esbuild/@esbuild/aix-ppc64": ["@esbuild/aix-ppc64@0.21.5", "", { "os": "aix", "cpu": "ppc64" }, "sha512-1SDgH6ZSPTlggy1yI6+Dbkiz8xzpHJEVAlF/AM1tHPLsf5STom9rwtjE4hKAF20FfXXNTFqEYXyJNWh1GiZedQ=="],

    "vite-plugin-handlebars/vite/esbuild/@esbuild/android-arm": ["@esbuild/android-arm@0.21.5", "", { "os": "android", "cpu": "arm" }, "sha512-vCPvzSjpPHEi1siZdlvAlsPxXl7WbOVUBBAowWug4rJHb68Ox8KualB+1ocNvT5fjv6wpkX6o/iEpbDrf68zcg=="],

    "vite-plugin-handlebars/vite/esbuild/@esbuild/android-arm64": ["@esbuild/android-arm64@0.21.5", "", { "os": "android", "cpu": "arm64" }, "sha512-c0uX9VAUBQ7dTDCjq+wdyGLowMdtR/GoC2U5IYk/7D1H1JYC0qseD7+11iMP2mRLN9RcCMRcjC4YMclCzGwS/A=="],

    "vite-plugin-handlebars/vite/esbuild/@esbuild/android-x64": ["@esbuild/android-x64@0.21.5", "", { "os": "android", "cpu": "x64" }, "sha512-D7aPRUUNHRBwHxzxRvp856rjUHRFW1SdQATKXH2hqA0kAZb1hKmi02OpYRacl0TxIGz/ZmXWlbZgjwWYaCakTA=="],

    "vite-plugin-handlebars/vite/esbuild/@esbuild/darwin-arm64": ["@esbuild/darwin-arm64@0.21.5", "", { "os": "darwin", "cpu": "arm64" }, "sha512-DwqXqZyuk5AiWWf3UfLiRDJ5EDd49zg6O9wclZ7kUMv2WRFr4HKjXp/5t8JZ11QbQfUS6/cRCKGwYhtNAY88kQ=="],

    "vite-plugin-handlebars/vite/esbuild/@esbuild/darwin-x64": ["@esbuild/darwin-x64@0.21.5", "", { "os": "darwin", "cpu": "x64" }, "sha512-se/JjF8NlmKVG4kNIuyWMV/22ZaerB+qaSi5MdrXtd6R08kvs2qCN4C09miupktDitvh8jRFflwGFBQcxZRjbw=="],

    "vite-plugin-handlebars/vite/esbuild/@esbuild/freebsd-arm64": ["@esbuild/freebsd-arm64@0.21.5", "", { "os": "freebsd", "cpu": "arm64" }, "sha512-5JcRxxRDUJLX8JXp/wcBCy3pENnCgBR9bN6JsY4OmhfUtIHe3ZW0mawA7+RDAcMLrMIZaf03NlQiX9DGyB8h4g=="],

    "vite-plugin-handlebars/vite/esbuild/@esbuild/freebsd-x64": ["@esbuild/freebsd-x64@0.21.5", "", { "os": "freebsd", "cpu": "x64" }, "sha512-J95kNBj1zkbMXtHVH29bBriQygMXqoVQOQYA+ISs0/2l3T9/kj42ow2mpqerRBxDJnmkUDCaQT/dfNXWX/ZZCQ=="],

    "vite-plugin-handlebars/vite/esbuild/@esbuild/linux-arm": ["@esbuild/linux-arm@0.21.5", "", { "os": "linux", "cpu": "arm" }, "sha512-bPb5AHZtbeNGjCKVZ9UGqGwo8EUu4cLq68E95A53KlxAPRmUyYv2D6F0uUI65XisGOL1hBP5mTronbgo+0bFcA=="],

    "vite-plugin-handlebars/vite/esbuild/@esbuild/linux-arm64": ["@esbuild/linux-arm64@0.21.5", "", { "os": "linux", "cpu": "arm64" }, "sha512-ibKvmyYzKsBeX8d8I7MH/TMfWDXBF3db4qM6sy+7re0YXya+K1cem3on9XgdT2EQGMu4hQyZhan7TeQ8XkGp4Q=="],

    "vite-plugin-handlebars/vite/esbuild/@esbuild/linux-ia32": ["@esbuild/linux-ia32@0.21.5", "", { "os": "linux", "cpu": "ia32" }, "sha512-YvjXDqLRqPDl2dvRODYmmhz4rPeVKYvppfGYKSNGdyZkA01046pLWyRKKI3ax8fbJoK5QbxblURkwK/MWY18Tg=="],

    "vite-plugin-handlebars/vite/esbuild/@esbuild/linux-loong64": ["@esbuild/linux-loong64@0.21.5", "", { "os": "linux", "cpu": "none" }, "sha512-uHf1BmMG8qEvzdrzAqg2SIG/02+4/DHB6a9Kbya0XDvwDEKCoC8ZRWI5JJvNdUjtciBGFQ5PuBlpEOXQj+JQSg=="],

    "vite-plugin-handlebars/vite/esbuild/@esbuild/linux-mips64el": ["@esbuild/linux-mips64el@0.21.5", "", { "os": "linux", "cpu": "none" }, "sha512-IajOmO+KJK23bj52dFSNCMsz1QP1DqM6cwLUv3W1QwyxkyIWecfafnI555fvSGqEKwjMXVLokcV5ygHW5b3Jbg=="],

    "vite-plugin-handlebars/vite/esbuild/@esbuild/linux-ppc64": ["@esbuild/linux-ppc64@0.21.5", "", { "os": "linux", "cpu": "ppc64" }, "sha512-1hHV/Z4OEfMwpLO8rp7CvlhBDnjsC3CttJXIhBi+5Aj5r+MBvy4egg7wCbe//hSsT+RvDAG7s81tAvpL2XAE4w=="],

    "vite-plugin-handlebars/vite/esbuild/@esbuild/linux-riscv64": ["@esbuild/linux-riscv64@0.21.5", "", { "os": "linux", "cpu": "none" }, "sha512-2HdXDMd9GMgTGrPWnJzP2ALSokE/0O5HhTUvWIbD3YdjME8JwvSCnNGBnTThKGEB91OZhzrJ4qIIxk/SBmyDDA=="],

    "vite-plugin-handlebars/vite/esbuild/@esbuild/linux-s390x": ["@esbuild/linux-s390x@0.21.5", "", { "os": "linux", "cpu": "s390x" }, "sha512-zus5sxzqBJD3eXxwvjN1yQkRepANgxE9lgOW2qLnmr8ikMTphkjgXu1HR01K4FJg8h1kEEDAqDcZQtbrRnB41A=="],

    "vite-plugin-handlebars/vite/esbuild/@esbuild/linux-x64": ["@esbuild/linux-x64@0.21.5", "", { "os": "linux", "cpu": "x64" }, "sha512-1rYdTpyv03iycF1+BhzrzQJCdOuAOtaqHTWJZCWvijKD2N5Xu0TtVC8/+1faWqcP9iBCWOmjmhoH94dH82BxPQ=="],

    "vite-plugin-handlebars/vite/esbuild/@esbuild/netbsd-x64": ["@esbuild/netbsd-x64@0.21.5", "", { "os": "none", "cpu": "x64" }, "sha512-Woi2MXzXjMULccIwMnLciyZH4nCIMpWQAs049KEeMvOcNADVxo0UBIQPfSmxB3CWKedngg7sWZdLvLczpe0tLg=="],

    "vite-plugin-handlebars/vite/esbuild/@esbuild/openbsd-x64": ["@esbuild/openbsd-x64@0.21.5", "", { "os": "openbsd", "cpu": "x64" }, "sha512-HLNNw99xsvx12lFBUwoT8EVCsSvRNDVxNpjZ7bPn947b8gJPzeHWyNVhFsaerc0n3TsbOINvRP2byTZ5LKezow=="],

    "vite-plugin-handlebars/vite/esbuild/@esbuild/sunos-x64": ["@esbuild/sunos-x64@0.21.5", "", { "os": "sunos", "cpu": "x64" }, "sha512-6+gjmFpfy0BHU5Tpptkuh8+uw3mnrvgs+dSPQXQOv3ekbordwnzTVEb4qnIvQcYXq6gzkyTnoZ9dZG+D4garKg=="],

    "vite-plugin-handlebars/vite/esbuild/@esbuild/win32-arm64": ["@esbuild/win32-arm64@0.21.5", "", { "os": "win32", "cpu": "arm64" }, "sha512-Z0gOTd75VvXqyq7nsl93zwahcTROgqvuAcYDUr+vOv8uHhNSKROyU961kgtCD1e95IqPKSQKH7tBTslnS3tA8A=="],

    "vite-plugin-handlebars/vite/esbuild/@esbuild/win32-ia32": ["@esbuild/win32-ia32@0.21.5", "", { "os": "win32", "cpu": "ia32" }, "sha512-SWXFF1CL2RVNMaVs+BBClwtfZSvDgtL//G/smwAc5oVK/UPu2Gu9tIaRgFmYFFKrmg3SyAjSrElf0TiJ1v8fYA=="],

    "vite-plugin-handlebars/vite/esbuild/@esbuild/win32-x64": ["@esbuild/win32-x64@0.21.5", "", { "os": "win32", "cpu": "x64" }, "sha512-tQd/1efJuzPC6rCFwEvLtci/xNFcTZknmXs98FYDfGE4wP9ClFV98nyKrzJKVPMhdDnjzLhdUyMX4PsQAPjwIw=="],
  }
}
