# THIS IS AN AUTOGENERATED FILE. DO NOT EDIT THIS FILE DIRECTLY.
# yarn lockfile v1


"@esbuild/android-arm64@0.16.17":
  version "0.16.17"
  resolved "https://registry.yarnpkg.com/@esbuild/android-arm64/-/android-arm64-0.16.17.tgz#cf91e86df127aa3d141744edafcba0abdc577d23"
  integrity sha512-MIGl6p5sc3RDTLLkYL1MyL8BMRN4tLMRCn+yRJJmEDvYZ2M7tmAf80hx1kbNEUX2KJ50RRtxZ4JHLvCfuB6kBg==

"@esbuild/android-arm@0.16.17":
  version "0.16.17"
  resolved "https://registry.yarnpkg.com/@esbuild/android-arm/-/android-arm-0.16.17.tgz#025b6246d3f68b7bbaa97069144fb5fb70f2fff2"
  integrity sha512-N9x1CMXVhtWEAMS7pNNONyA14f71VPQN9Cnavj1XQh6T7bskqiLLrSca4O0Vr8Wdcga943eThxnVp3JLnBMYtw==

"@esbuild/android-x64@0.16.17":
  version "0.16.17"
  resolved "https://registry.yarnpkg.com/@esbuild/android-x64/-/android-x64-0.16.17.tgz#c820e0fef982f99a85c4b8bfdd582835f04cd96e"
  integrity sha512-a3kTv3m0Ghh4z1DaFEuEDfz3OLONKuFvI4Xqczqx4BqLyuFaFkuaG4j2MtA6fuWEFeC5x9IvqnX7drmRq/fyAQ==

"@esbuild/darwin-arm64@0.16.17":
  version "0.16.17"
  resolved "https://registry.yarnpkg.com/@esbuild/darwin-arm64/-/darwin-arm64-0.16.17.tgz#edef4487af6b21afabba7be5132c26d22379b220"
  integrity sha512-/2agbUEfmxWHi9ARTX6OQ/KgXnOWfsNlTeLcoV7HSuSTv63E4DqtAc+2XqGw1KHxKMHGZgbVCZge7HXWX9Vn+w==

"@esbuild/darwin-x64@0.16.17":
  version "0.16.17"
  resolved "https://registry.yarnpkg.com/@esbuild/darwin-x64/-/darwin-x64-0.16.17.tgz#42829168730071c41ef0d028d8319eea0e2904b4"
  integrity sha512-2By45OBHulkd9Svy5IOCZt376Aa2oOkiE9QWUK9fe6Tb+WDr8hXL3dpqi+DeLiMed8tVXspzsTAvd0jUl96wmg==

"@esbuild/freebsd-arm64@0.16.17":
  version "0.16.17"
  resolved "https://registry.yarnpkg.com/@esbuild/freebsd-arm64/-/freebsd-arm64-0.16.17.tgz#1f4af488bfc7e9ced04207034d398e793b570a27"
  integrity sha512-mt+cxZe1tVx489VTb4mBAOo2aKSnJ33L9fr25JXpqQqzbUIw/yzIzi+NHwAXK2qYV1lEFp4OoVeThGjUbmWmdw==

"@esbuild/freebsd-x64@0.16.17":
  version "0.16.17"
  resolved "https://registry.yarnpkg.com/@esbuild/freebsd-x64/-/freebsd-x64-0.16.17.tgz#636306f19e9bc981e06aa1d777302dad8fddaf72"
  integrity sha512-8ScTdNJl5idAKjH8zGAsN7RuWcyHG3BAvMNpKOBaqqR7EbUhhVHOqXRdL7oZvz8WNHL2pr5+eIT5c65kA6NHug==

"@esbuild/linux-arm64@0.16.17":
  version "0.16.17"
  resolved "https://registry.yarnpkg.com/@esbuild/linux-arm64/-/linux-arm64-0.16.17.tgz#a003f7ff237c501e095d4f3a09e58fc7b25a4aca"
  integrity sha512-7S8gJnSlqKGVJunnMCrXHU9Q8Q/tQIxk/xL8BqAP64wchPCTzuM6W3Ra8cIa1HIflAvDnNOt2jaL17vaW+1V0g==

"@esbuild/linux-arm@0.16.17":
  version "0.16.17"
  resolved "https://registry.yarnpkg.com/@esbuild/linux-arm/-/linux-arm-0.16.17.tgz#b591e6a59d9c4fe0eeadd4874b157ab78cf5f196"
  integrity sha512-iihzrWbD4gIT7j3caMzKb/RsFFHCwqqbrbH9SqUSRrdXkXaygSZCZg1FybsZz57Ju7N/SHEgPyaR0LZ8Zbe9gQ==

"@esbuild/linux-ia32@0.16.17":
  version "0.16.17"
  resolved "https://registry.yarnpkg.com/@esbuild/linux-ia32/-/linux-ia32-0.16.17.tgz#24333a11027ef46a18f57019450a5188918e2a54"
  integrity sha512-kiX69+wcPAdgl3Lonh1VI7MBr16nktEvOfViszBSxygRQqSpzv7BffMKRPMFwzeJGPxcio0pdD3kYQGpqQ2SSg==

"@esbuild/linux-loong64@0.14.54":
  version "0.14.54"
  resolved "https://registry.yarnpkg.com/@esbuild/linux-loong64/-/linux-loong64-0.14.54.tgz#de2a4be678bd4d0d1ffbb86e6de779cde5999028"
  integrity sha512-bZBrLAIX1kpWelV0XemxBZllyRmM6vgFQQG2GdNb+r3Fkp0FOh1NJSvekXDs7jq70k4euu1cryLMfU+mTXlEpw==

"@esbuild/linux-loong64@0.16.17":
  version "0.16.17"
  resolved "https://registry.yarnpkg.com/@esbuild/linux-loong64/-/linux-loong64-0.16.17.tgz#d5ad459d41ed42bbd4d005256b31882ec52227d8"
  integrity sha512-dTzNnQwembNDhd654cA4QhbS9uDdXC3TKqMJjgOWsC0yNCbpzfWoXdZvp0mY7HU6nzk5E0zpRGGx3qoQg8T2DQ==

"@esbuild/linux-mips64el@0.16.17":
  version "0.16.17"
  resolved "https://registry.yarnpkg.com/@esbuild/linux-mips64el/-/linux-mips64el-0.16.17.tgz#4e5967a665c38360b0a8205594377d4dcf9c3726"
  integrity sha512-ezbDkp2nDl0PfIUn0CsQ30kxfcLTlcx4Foz2kYv8qdC6ia2oX5Q3E/8m6lq84Dj/6b0FrkgD582fJMIfHhJfSw==

"@esbuild/linux-ppc64@0.16.17":
  version "0.16.17"
  resolved "https://registry.yarnpkg.com/@esbuild/linux-ppc64/-/linux-ppc64-0.16.17.tgz#206443a02eb568f9fdf0b438fbd47d26e735afc8"
  integrity sha512-dzS678gYD1lJsW73zrFhDApLVdM3cUF2MvAa1D8K8KtcSKdLBPP4zZSLy6LFZ0jYqQdQ29bjAHJDgz0rVbLB3g==

"@esbuild/linux-riscv64@0.16.17":
  version "0.16.17"
  resolved "https://registry.yarnpkg.com/@esbuild/linux-riscv64/-/linux-riscv64-0.16.17.tgz#c351e433d009bf256e798ad048152c8d76da2fc9"
  integrity sha512-ylNlVsxuFjZK8DQtNUwiMskh6nT0vI7kYl/4fZgV1llP5d6+HIeL/vmmm3jpuoo8+NuXjQVZxmKuhDApK0/cKw==

"@esbuild/linux-s390x@0.16.17":
  version "0.16.17"
  resolved "https://registry.yarnpkg.com/@esbuild/linux-s390x/-/linux-s390x-0.16.17.tgz#661f271e5d59615b84b6801d1c2123ad13d9bd87"
  integrity sha512-gzy7nUTO4UA4oZ2wAMXPNBGTzZFP7mss3aKR2hH+/4UUkCOyqmjXiKpzGrY2TlEUhbbejzXVKKGazYcQTZWA/w==

"@esbuild/linux-x64@0.16.17":
  version "0.16.17"
  resolved "https://registry.npmjs.org/@esbuild/linux-x64/-/linux-x64-0.16.17.tgz"
  integrity sha512-mdPjPxfnmoqhgpiEArqi4egmBAMYvaObgn4poorpUaqmvzzbvqbowRllQ+ZgzGVMGKaPkqUmPDOOFQRUFDmeUw==

"@esbuild/netbsd-x64@0.16.17":
  version "0.16.17"
  resolved "https://registry.yarnpkg.com/@esbuild/netbsd-x64/-/netbsd-x64-0.16.17.tgz#7d4f4041e30c5c07dd24ffa295c73f06038ec775"
  integrity sha512-/PzmzD/zyAeTUsduZa32bn0ORug+Jd1EGGAUJvqfeixoEISYpGnAezN6lnJoskauoai0Jrs+XSyvDhppCPoKOA==

"@esbuild/openbsd-x64@0.16.17":
  version "0.16.17"
  resolved "https://registry.yarnpkg.com/@esbuild/openbsd-x64/-/openbsd-x64-0.16.17.tgz#970fa7f8470681f3e6b1db0cc421a4af8060ec35"
  integrity sha512-2yaWJhvxGEz2RiftSk0UObqJa/b+rIAjnODJgv2GbGGpRwAfpgzyrg1WLK8rqA24mfZa9GvpjLcBBg8JHkoodg==

"@esbuild/sunos-x64@0.16.17":
  version "0.16.17"
  resolved "https://registry.yarnpkg.com/@esbuild/sunos-x64/-/sunos-x64-0.16.17.tgz#abc60e7c4abf8b89fb7a4fe69a1484132238022c"
  integrity sha512-xtVUiev38tN0R3g8VhRfN7Zl42YCJvyBhRKw1RJjwE1d2emWTVToPLNEQj/5Qxc6lVFATDiy6LjVHYhIPrLxzw==

"@esbuild/win32-arm64@0.16.17":
  version "0.16.17"
  resolved "https://registry.yarnpkg.com/@esbuild/win32-arm64/-/win32-arm64-0.16.17.tgz#7b0ff9e8c3265537a7a7b1fd9a24e7bd39fcd87a"
  integrity sha512-ga8+JqBDHY4b6fQAmOgtJJue36scANy4l/rL97W+0wYmijhxKetzZdKOJI7olaBaMhWt8Pac2McJdZLxXWUEQw==

"@esbuild/win32-ia32@0.16.17":
  version "0.16.17"
  resolved "https://registry.yarnpkg.com/@esbuild/win32-ia32/-/win32-ia32-0.16.17.tgz#e90fe5267d71a7b7567afdc403dfd198c292eb09"
  integrity sha512-WnsKaf46uSSF/sZhwnqE4L/F89AYNMiD4YtEcYekBt9Q7nj0DiId2XH2Ng2PHM54qi5oPrQ8luuzGszqi/veig==

"@esbuild/win32-x64@0.16.17":
  version "0.16.17"
  resolved "https://registry.yarnpkg.com/@esbuild/win32-x64/-/win32-x64-0.16.17.tgz#c5a1a4bfe1b57f0c3e61b29883525c6da3e5c091"
  integrity sha512-y+EHuSchhL7FjHgvQL/0fnnFmO4T1bhvWANX6gcnqTjtnKWbTvUMCpGnv2+t+31d7RzyEAYAd4u2fnIhHL6N/Q==

"@pixi/accessibility@7.1.0":
  version "7.1.0"
  resolved "https://registry.npmjs.org/@pixi/accessibility/-/accessibility-7.1.0.tgz"
  integrity sha512-bbDW4LgMPtZPBTxa5uX/RASwKobfrr11/2c7haGFjTeESzwCkTTsEWdbNE3RRZYJVEKgkXCOyfZZVIunU1502w==

"@pixi/app@7.1.0":
  version "7.1.0"
  resolved "https://registry.npmjs.org/@pixi/app/-/app-7.1.0.tgz"
  integrity sha512-9zuyNagKwOm7zYQHV35McgMIAtEnnMMhyhyvOAJ20xfiwUdAVRCYfQ3kOkAyvIpD1iA+9SGxOzzksY21Y9CF9A==

"@pixi/assets@7.1.0":
  version "7.1.0"
  resolved "https://registry.npmjs.org/@pixi/assets/-/assets-7.1.0.tgz"
  integrity sha512-rwv8IsGSZjp6hqC7RZ7gxFsJssn+nSIJQcpXiCx9wFspS9b05IshNJ5VIzeHMEBzvEw53fCoYzejO2bf0VsBoA==
  dependencies:
    "@types/css-font-loading-module" "^0.0.7"

"@pixi/compressed-textures@7.1.0":
  version "7.1.0"
  resolved "https://registry.npmjs.org/@pixi/compressed-textures/-/compressed-textures-7.1.0.tgz"
  integrity sha512-QfYetHnhrfyzNcHyXVeNvhjVNlJk0EbFNRg7Q9qJF6G9P78sFf7zB9rGq9T9bPuYQ8dEJndcwJVgGNfM9cF2Zw==

"@pixi/constants@7.1.0":
  version "7.1.0"
  resolved "https://registry.npmjs.org/@pixi/constants/-/constants-7.1.0.tgz"
  integrity sha512-6HGMxhzNRyAYgjtTt9LFilqucBgl/Me6g1xEAYCt+8yMYYo2PVbI6Zxn160ggiwVYdOVROfL8HVdrsGxzy7ufA==

"@pixi/core@7.1.0":
  version "7.1.0"
  resolved "https://registry.npmjs.org/@pixi/core/-/core-7.1.0.tgz"
  integrity sha512-r+tZdMYodBE0m9LCoCLz3UwxGAO2CW3+YEDt4vlsv7WmdKZVJhuYFUPTGAO49dzEL7bjS0qYVcUxvuUVXI/yww==
  dependencies:
    "@pixi/constants" "7.1.0"
    "@pixi/extensions" "7.1.0"
    "@pixi/math" "7.1.0"
    "@pixi/runner" "7.1.0"
    "@pixi/settings" "7.1.0"
    "@pixi/ticker" "7.1.0"
    "@pixi/utils" "7.1.0"
    "@types/offscreencanvas" "^2019.6.4"

"@pixi/display@7.1.0":
  version "7.1.0"
  resolved "https://registry.npmjs.org/@pixi/display/-/display-7.1.0.tgz"
  integrity sha512-F9PCrjc7Z1uzkeeRahV/KihXEjvVA68veVPkwCgFTweWuu7quiIuaSAd1m5yCkcj4VjwyFlDoumqDejibYTrBg==

"@pixi/events@7.1.0":
  version "7.1.0"
  resolved "https://registry.npmjs.org/@pixi/events/-/events-7.1.0.tgz"
  integrity sha512-AYevA+08Q8cw+ble0/Km7M1+EZ8JP+K0a+q4Hx6tRBTDTsn18OuwSP9vXW6/dAMEE3d8mcdquEjkoqOv5494QA==

"@pixi/extensions@7.1.0":
  version "7.1.0"
  resolved "https://registry.npmjs.org/@pixi/extensions/-/extensions-7.1.0.tgz"
  integrity sha512-J2//MlKRAGZmaRgmSOuYGK1sTQjzv1rag8kIB96DjQb4SbkaLACZLN/QHbj+7Cf7ZcZ9XUMHzJU38V1epVPVGQ==

"@pixi/extract@7.1.0":
  version "7.1.0"
  resolved "https://registry.npmjs.org/@pixi/extract/-/extract-7.1.0.tgz"
  integrity sha512-HTVQ9wKBZUb7AShUfnUkjPGrqVvFUuU4x1BIXKLtpkbMRjTkfgW/0d1PkhlQxanzMlCR/eOU43igzjB5zeVkZg==

"@pixi/filter-alpha@7.1.0":
  version "7.1.0"
  resolved "https://registry.npmjs.org/@pixi/filter-alpha/-/filter-alpha-7.1.0.tgz"
  integrity sha512-tuCVvJXQRUXg8+DCKViOSobjRANYRlMEdfVOfrxmfve4nId1qJyw7VkEIpD3pOSOxHd8s0BZIkcLIMO+oOJu6w==

"@pixi/filter-blur@7.1.0":
  version "7.1.0"
  resolved "https://registry.npmjs.org/@pixi/filter-blur/-/filter-blur-7.1.0.tgz"
  integrity sha512-JefcMjcQVngVNixvlYUnaFOiGdJqkfzWO90e0Cs7yqPHJpyzbdXtJbzWGTsnbYO8Q+q1j5pu7zYUbT5a3jUfaw==

"@pixi/filter-color-matrix@7.1.0":
  version "7.1.0"
  resolved "https://registry.npmjs.org/@pixi/filter-color-matrix/-/filter-color-matrix-7.1.0.tgz"
  integrity sha512-IbdfIaV/sYWhHwGIRBNCo65n5Fi4GBzMpB5+dZBfarWjMOhO/MA43d49vLnTNNLrh2ZpjMuzc7IramRrUPLsyQ==

"@pixi/filter-displacement@7.1.0":
  version "7.1.0"
  resolved "https://registry.npmjs.org/@pixi/filter-displacement/-/filter-displacement-7.1.0.tgz"
  integrity sha512-FNgDzkSqT3GzazBkITu+BXa+AVk5oxlgGKo/a0GsS7k7qNioS74o/p3U4ymARvDdQHdOxdP/SqIGxvJ45/7iGQ==

"@pixi/filter-fxaa@7.1.0":
  version "7.1.0"
  resolved "https://registry.npmjs.org/@pixi/filter-fxaa/-/filter-fxaa-7.1.0.tgz"
  integrity sha512-tkqXJFKuRAi7gw32jIK2L0HTKDIOpPI8VWH4VnnC5bZf/7d1/y5b7WUcayxWUnyt10U8dicQrzsH9oZ9ESSpVA==

"@pixi/filter-noise@7.1.0":
  version "7.1.0"
  resolved "https://registry.npmjs.org/@pixi/filter-noise/-/filter-noise-7.1.0.tgz"
  integrity sha512-i68BOZAxxSJ8/v2gWoKldKIQ6nwiCUlcK38Kh87b+3X4FXyBp98gW6ShzzpCpJ60BDVHDyEGGKYEReTVJbfMoQ==

"@pixi/graphics@7.1.0":
  version "7.1.0"
  resolved "https://registry.npmjs.org/@pixi/graphics/-/graphics-7.1.0.tgz"
  integrity sha512-snZdUhlG0MFolMeR7codSGdGO7sFsciBrtiCuIU49zILZ7/TbC82Tv2GGZuseYI3TTkBdYfoLXlvHrzAk/g8Dw==

"@pixi/math@7.1.0":
  version "7.1.0"
  resolved "https://registry.npmjs.org/@pixi/math/-/math-7.1.0.tgz"
  integrity sha512-du0H9egUtducS6WExFDRzoZM88DAHYSRMr2/PcEOpd2IEI6LvVCAonxFp0P1e7c62yMWYA1kAJV0qLlsiOCzzA==

"@pixi/mesh-extras@7.1.0":
  version "7.1.0"
  resolved "https://registry.npmjs.org/@pixi/mesh-extras/-/mesh-extras-7.1.0.tgz"
  integrity sha512-P9zEsjTJFZlPI0eMazxl6WWY4HEGm81R4lYy3dfqQbIpj+7l8Av1FEAC24A6WKsI6+mA91GtJc+wc+TyTqtdYw==

"@pixi/mesh@7.1.0":
  version "7.1.0"
  resolved "https://registry.npmjs.org/@pixi/mesh/-/mesh-7.1.0.tgz"
  integrity sha512-Kh6jKeL5kwYosZ3YQUSI+u8TyOLqrhx8BVKxiCHuQtDBM1EzwmfRbppNLzsz6TYnqgs9KwzgAJ2YU2qApiA+aA==

"@pixi/mixin-cache-as-bitmap@7.1.0":
  version "7.1.0"
  resolved "https://registry.npmjs.org/@pixi/mixin-cache-as-bitmap/-/mixin-cache-as-bitmap-7.1.0.tgz"
  integrity sha512-MjjmICn62dPFS4Ut68iAZ8nh/ycJpivp1sxh2gLZnExVDslcSMhitoYZE4ESq57S//g5k2j3B0hTiURGTwkvgg==

"@pixi/mixin-get-child-by-name@7.1.0":
  version "7.1.0"
  resolved "https://registry.npmjs.org/@pixi/mixin-get-child-by-name/-/mixin-get-child-by-name-7.1.0.tgz"
  integrity sha512-RHbQvh+xqE9Um1c9vKGf7czSjTgba0RdsIpkUWvlTIDX197yucmBmSxqt/gKHbgi4//AypJ6Zju/dvBDhNlwAQ==

"@pixi/mixin-get-global-position@7.1.0":
  version "7.1.0"
  resolved "https://registry.npmjs.org/@pixi/mixin-get-global-position/-/mixin-get-global-position-7.1.0.tgz"
  integrity sha512-3MWUuccUQKf9eP2tp3HA46U+e7nav9JWVv8V3+SavfKADnnka1L3qnOlnk3EdPWbIEGc5JNguf84oLg2+sTBKw==

"@pixi/particle-container@7.1.0":
  version "7.1.0"
  resolved "https://registry.npmjs.org/@pixi/particle-container/-/particle-container-7.1.0.tgz"
  integrity sha512-Mmz6eVDCMl3Cxttj06ozX1GYK7H0v8OD9i0/gHjdU89loQNNMKsSopgzeXTgmP37YPlElyLGqSYw4UX+Q8AAig==

"@pixi/prepare@7.1.0":
  version "7.1.0"
  resolved "https://registry.npmjs.org/@pixi/prepare/-/prepare-7.1.0.tgz"
  integrity sha512-zmQcDe4dX/8HMXOtJRiDh0YaVpjamk/wvuOv0Xia7vs2GeUoxF3jXlnLyFzn0upMKbWbyvTblaKm/BX7u0cCKw==

"@pixi/runner@7.1.0":
  version "7.1.0"
  resolved "https://registry.npmjs.org/@pixi/runner/-/runner-7.1.0.tgz"
  integrity sha512-Heuvu3zb+VGLUdwad2AE8w9HD1i3r1wbwTG/zuL0KrCa6SaEgV0Ro/GOE9HpCWppCylruToxEPsVKW/YJ1zL3w==

"@pixi/settings@7.1.0":
  version "7.1.0"
  resolved "https://registry.npmjs.org/@pixi/settings/-/settings-7.1.0.tgz"
  integrity sha512-VnRI0R3vgglKZxbyA0lJVyS/qJHDEZlLYkVXb79CRF+wimaVgETtTLBpNaDxTMjwVwt2yqM1HvykvABuJ8YxNQ==
  dependencies:
    "@pixi/constants" "7.1.0"
    "@types/css-font-loading-module" "^0.0.7"

"@pixi/sprite-animated@7.1.0":
  version "7.1.0"
  resolved "https://registry.npmjs.org/@pixi/sprite-animated/-/sprite-animated-7.1.0.tgz"
  integrity sha512-b6uQuW4H8MxLUQ95OOoAKshqqTiSyBDcSKJEzsn8n80P7/7zN9CokxFd9dCdEVGBdaUO3z69LZArBNaAROgn3g==

"@pixi/sprite-tiling@7.1.0":
  version "7.1.0"
  resolved "https://registry.npmjs.org/@pixi/sprite-tiling/-/sprite-tiling-7.1.0.tgz"
  integrity sha512-MHM7hLnrYHC6m+4AFZ046uRMJ29nzNOdAGkQm3ZnsiwfHSJ5IVO2uF+5zScGiJMB4NJqK8enkE6Un7bfAChxpw==

"@pixi/sprite@7.1.0":
  version "7.1.0"
  resolved "https://registry.npmjs.org/@pixi/sprite/-/sprite-7.1.0.tgz"
  integrity sha512-Nm9Aa/54OK+3T813OEHJdEjt/LTnktuCb+YUNpPf8WjNCGNiHGrfGS9YAj/F1PYtFpK006UPECE+bJCqjPw2ug==

"@pixi/spritesheet@7.1.0":
  version "7.1.0"
  resolved "https://registry.npmjs.org/@pixi/spritesheet/-/spritesheet-7.1.0.tgz"
  integrity sha512-esbeVQ8G6QML0sDtdY9x9a0CFcRv4VAfuQkENZqbFrP3ZHbDODXy8WqbkMrukK4dxvfT0aCt1dMRQTMgLkxxwg==

"@pixi/text-bitmap@7.1.0":
  version "7.1.0"
  resolved "https://registry.npmjs.org/@pixi/text-bitmap/-/text-bitmap-7.1.0.tgz"
  integrity sha512-2lYv6KbfE/3bXI9S8Pk73MVAJbu8sVx7cF5ldneXwNQYEXsy3+Abiq+1caOx9AXYoPtye03OFzFd5BR5Og7iHw==

"@pixi/text@7.1.0":
  version "7.1.0"
  resolved "https://registry.npmjs.org/@pixi/text/-/text-7.1.0.tgz"
  integrity sha512-owcPLrvLMNRj4I8euXNwxE29f3FfIGg67ibZ/GO02lIR1HvVfNFYatNPt2xdpxdJM61+Qy5dH2m+dAh2w28YXA==

"@pixi/ticker@7.1.0":
  version "7.1.0"
  resolved "https://registry.npmjs.org/@pixi/ticker/-/ticker-7.1.0.tgz"
  integrity sha512-P95JcTMsoqSJDFIp3v8ClhyFs/Eqv7/XbYxA6FuaHISFfX1I3xIywejqSvrtquQJZDyNED8QgGWR1xCZy0tBZw==
  dependencies:
    "@pixi/extensions" "7.1.0"
    "@pixi/settings" "7.1.0"
    "@pixi/utils" "7.1.0"

"@pixi/utils@7.1.0":
  version "7.1.0"
  resolved "https://registry.npmjs.org/@pixi/utils/-/utils-7.1.0.tgz"
  integrity sha512-QPrugQvwR/Rw23TXAnLXIZwvto2f8/pgxIFvFOAVPBozBWBkibHuGevq7Jlcaybn95KafLfY9nFMbM0qRInWCg==
  dependencies:
    "@pixi/constants" "7.1.0"
    "@pixi/settings" "7.1.0"
    "@types/earcut" "^2.1.0"
    earcut "^2.2.4"
    eventemitter3 "^4.0.0"
    url "^0.11.0"

"@teppeis/multimaps@^2.0.0":
  version "2.0.0"
  resolved "https://registry.npmjs.org/@teppeis/multimaps/-/multimaps-2.0.0.tgz"
  integrity sha512-TL1adzq1HdxUf9WYduLcQ/DNGYiz71U31QRgbnr0Ef1cPyOUOsBojxHVWpFeOSUucB6Lrs0LxFRA14ntgtkc9w==

"@types/css-font-loading-module@^0.0.7":
  version "0.0.7"
  resolved "https://registry.npmjs.org/@types/css-font-loading-module/-/css-font-loading-module-0.0.7.tgz"
  integrity sha512-nl09VhutdjINdWyXxHWN/w9zlNCfr60JUqJbd24YXUuCwgeL0TpFSdElCwb6cxfB6ybE19Gjj4g0jsgkXxKv1Q==

"@types/earcut@^2.1.0":
  version "2.1.1"
  resolved "https://registry.npmjs.org/@types/earcut/-/earcut-2.1.1.tgz"
  integrity sha512-w8oigUCDjElRHRRrMvn/spybSMyX8MTkKA5Dv+tS1IE/TgmNZPqUYtvYBXGY8cieSE66gm+szeK+bnbxC2xHTQ==

"@types/offscreencanvas@^2019.6.4":
  version "2019.7.0"
  resolved "https://registry.npmjs.org/@types/offscreencanvas/-/offscreencanvas-2019.7.0.tgz"
  integrity sha512-PGcyveRIpL1XIqK8eBsmRBt76eFgtzuPiSTyKHZxnGemp2yzGzWpjYKAfK3wIMiU7eH+851yEpiuP8JZerTmWg==

babylonjs@^5.42.0:
  version "5.42.0"
  resolved "https://registry.npmjs.org/babylonjs/-/babylonjs-5.42.0.tgz"
  integrity sha512-Ri/nJbS99NVmg2qTa7+EcL3QV2wzUxiavNmX6iqc3VJSmT5dPH4db9nqPQfN49UEV+ER1zuaJwrJ2bWlP1K+UA==

core-js@^3.27.2:
  version "3.28.0"
  resolved "https://registry.yarnpkg.com/core-js/-/core-js-3.28.0.tgz#ed8b9e99c273879fdfff0edfc77ee709a5800e4a"
  integrity sha512-GiZn9D4Z/rSYvTeg1ljAIsEqFm0LaN9gVtwDCrKL80zHtS31p9BAjmTxVqTQDMpwlMolJZOFntUG2uwyj7DAqw==

earcut@2.2.4, earcut@^2.2.4:
  version "2.2.4"
  resolved "https://registry.npmjs.org/earcut/-/earcut-2.2.4.tgz"
  integrity sha512-/pjZsA1b4RPHbeWZQn66SWS8nZZWLQQ23oE3Eam7aroEFGEvwKAsJfZ9ytiEMycfzXWpca4FA9QIOehf7PocBQ==

esbuild-android-64@0.14.54:
  version "0.14.54"
  resolved "https://registry.yarnpkg.com/esbuild-android-64/-/esbuild-android-64-0.14.54.tgz#505f41832884313bbaffb27704b8bcaa2d8616be"
  integrity sha512-Tz2++Aqqz0rJ7kYBfz+iqyE3QMycD4vk7LBRyWaAVFgFtQ/O8EJOnVmTOiDWYZ/uYzB4kvP+bqejYdVKzE5lAQ==

esbuild-android-arm64@0.14.54:
  version "0.14.54"
  resolved "https://registry.yarnpkg.com/esbuild-android-arm64/-/esbuild-android-arm64-0.14.54.tgz#8ce69d7caba49646e009968fe5754a21a9871771"
  integrity sha512-F9E+/QDi9sSkLaClO8SOV6etqPd+5DgJje1F9lOWoNncDdOBL2YF59IhsWATSt0TLZbYCf3pNlTHvVV5VfHdvg==

esbuild-darwin-64@0.14.54:
  version "0.14.54"
  resolved "https://registry.yarnpkg.com/esbuild-darwin-64/-/esbuild-darwin-64-0.14.54.tgz#24ba67b9a8cb890a3c08d9018f887cc221cdda25"
  integrity sha512-jtdKWV3nBviOd5v4hOpkVmpxsBy90CGzebpbO9beiqUYVMBtSc0AL9zGftFuBon7PNDcdvNCEuQqw2x0wP9yug==

esbuild-darwin-arm64@0.14.54:
  version "0.14.54"
  resolved "https://registry.yarnpkg.com/esbuild-darwin-arm64/-/esbuild-darwin-arm64-0.14.54.tgz#3f7cdb78888ee05e488d250a2bdaab1fa671bf73"
  integrity sha512-OPafJHD2oUPyvJMrsCvDGkRrVCar5aVyHfWGQzY1dWnzErjrDuSETxwA2HSsyg2jORLY8yBfzc1MIpUkXlctmw==

esbuild-freebsd-64@0.14.54:
  version "0.14.54"
  resolved "https://registry.yarnpkg.com/esbuild-freebsd-64/-/esbuild-freebsd-64-0.14.54.tgz#09250f997a56ed4650f3e1979c905ffc40bbe94d"
  integrity sha512-OKwd4gmwHqOTp4mOGZKe/XUlbDJ4Q9TjX0hMPIDBUWWu/kwhBAudJdBoxnjNf9ocIB6GN6CPowYpR/hRCbSYAg==

esbuild-freebsd-arm64@0.14.54:
  version "0.14.54"
  resolved "https://registry.yarnpkg.com/esbuild-freebsd-arm64/-/esbuild-freebsd-arm64-0.14.54.tgz#bafb46ed04fc5f97cbdb016d86947a79579f8e48"
  integrity sha512-sFwueGr7OvIFiQT6WeG0jRLjkjdqWWSrfbVwZp8iMP+8UHEHRBvlaxL6IuKNDwAozNUmbb8nIMXa7oAOARGs1Q==

esbuild-linux-32@0.14.54:
  version "0.14.54"
  resolved "https://registry.yarnpkg.com/esbuild-linux-32/-/esbuild-linux-32-0.14.54.tgz#e2a8c4a8efdc355405325033fcebeb941f781fe5"
  integrity sha512-1ZuY+JDI//WmklKlBgJnglpUL1owm2OX+8E1syCD6UAxcMM/XoWd76OHSjl/0MR0LisSAXDqgjT3uJqT67O3qw==

esbuild-linux-64@0.14.54:
  version "0.14.54"
  resolved "https://registry.npmjs.org/esbuild-linux-64/-/esbuild-linux-64-0.14.54.tgz"
  integrity sha512-EgjAgH5HwTbtNsTqQOXWApBaPVdDn7XcK+/PtJwZLT1UmpLoznPd8c5CxqsH2dQK3j05YsB3L17T8vE7cp4cCg==

esbuild-linux-arm64@0.14.54:
  version "0.14.54"
  resolved "https://registry.yarnpkg.com/esbuild-linux-arm64/-/esbuild-linux-arm64-0.14.54.tgz#dae4cd42ae9787468b6a5c158da4c84e83b0ce8b"
  integrity sha512-WL71L+0Rwv+Gv/HTmxTEmpv0UgmxYa5ftZILVi2QmZBgX3q7+tDeOQNqGtdXSdsL8TQi1vIaVFHUPDe0O0kdig==

esbuild-linux-arm@0.14.54:
  version "0.14.54"
  resolved "https://registry.yarnpkg.com/esbuild-linux-arm/-/esbuild-linux-arm-0.14.54.tgz#a2c1dff6d0f21dbe8fc6998a122675533ddfcd59"
  integrity sha512-qqz/SjemQhVMTnvcLGoLOdFpCYbz4v4fUo+TfsWG+1aOu70/80RV6bgNpR2JCrppV2moUQkww+6bWxXRL9YMGw==

esbuild-linux-mips64le@0.14.54:
  version "0.14.54"
  resolved "https://registry.yarnpkg.com/esbuild-linux-mips64le/-/esbuild-linux-mips64le-0.14.54.tgz#d9918e9e4cb972f8d6dae8e8655bf9ee131eda34"
  integrity sha512-qTHGQB8D1etd0u1+sB6p0ikLKRVuCWhYQhAHRPkO+OF3I/iSlTKNNS0Lh2Oc0g0UFGguaFZZiPJdJey3AGpAlw==

esbuild-linux-ppc64le@0.14.54:
  version "0.14.54"
  resolved "https://registry.yarnpkg.com/esbuild-linux-ppc64le/-/esbuild-linux-ppc64le-0.14.54.tgz#3f9a0f6d41073fb1a640680845c7de52995f137e"
  integrity sha512-j3OMlzHiqwZBDPRCDFKcx595XVfOfOnv68Ax3U4UKZ3MTYQB5Yz3X1mn5GnodEVYzhtZgxEBidLWeIs8FDSfrQ==

esbuild-linux-riscv64@0.14.54:
  version "0.14.54"
  resolved "https://registry.yarnpkg.com/esbuild-linux-riscv64/-/esbuild-linux-riscv64-0.14.54.tgz#618853c028178a61837bc799d2013d4695e451c8"
  integrity sha512-y7Vt7Wl9dkOGZjxQZnDAqqn+XOqFD7IMWiewY5SPlNlzMX39ocPQlOaoxvT4FllA5viyV26/QzHtvTjVNOxHZg==

esbuild-linux-s390x@0.14.54:
  version "0.14.54"
  resolved "https://registry.yarnpkg.com/esbuild-linux-s390x/-/esbuild-linux-s390x-0.14.54.tgz#d1885c4c5a76bbb5a0fe182e2c8c60eb9e29f2a6"
  integrity sha512-zaHpW9dziAsi7lRcyV4r8dhfG1qBidQWUXweUjnw+lliChJqQr+6XD71K41oEIC3Mx1KStovEmlzm+MkGZHnHA==

esbuild-netbsd-64@0.14.54:
  version "0.14.54"
  resolved "https://registry.yarnpkg.com/esbuild-netbsd-64/-/esbuild-netbsd-64-0.14.54.tgz#69ae917a2ff241b7df1dbf22baf04bd330349e81"
  integrity sha512-PR01lmIMnfJTgeU9VJTDY9ZerDWVFIUzAtJuDHwwceppW7cQWjBBqP48NdeRtoP04/AtO9a7w3viI+PIDr6d+w==

esbuild-openbsd-64@0.14.54:
  version "0.14.54"
  resolved "https://registry.yarnpkg.com/esbuild-openbsd-64/-/esbuild-openbsd-64-0.14.54.tgz#db4c8495287a350a6790de22edea247a57c5d47b"
  integrity sha512-Qyk7ikT2o7Wu76UsvvDS5q0amJvmRzDyVlL0qf5VLsLchjCa1+IAvd8kTBgUxD7VBUUVgItLkk609ZHUc1oCaw==

esbuild-sunos-64@0.14.54:
  version "0.14.54"
  resolved "https://registry.yarnpkg.com/esbuild-sunos-64/-/esbuild-sunos-64-0.14.54.tgz#54287ee3da73d3844b721c21bc80c1dc7e1bf7da"
  integrity sha512-28GZ24KmMSeKi5ueWzMcco6EBHStL3B6ubM7M51RmPwXQGLe0teBGJocmWhgwccA1GeFXqxzILIxXpHbl9Q/Kw==

esbuild-windows-32@0.14.54:
  version "0.14.54"
  resolved "https://registry.yarnpkg.com/esbuild-windows-32/-/esbuild-windows-32-0.14.54.tgz#f8aaf9a5667630b40f0fb3aa37bf01bbd340ce31"
  integrity sha512-T+rdZW19ql9MjS7pixmZYVObd9G7kcaZo+sETqNH4RCkuuYSuv9AGHUVnPoP9hhuE1WM1ZimHz1CIBHBboLU7w==

esbuild-windows-64@0.14.54:
  version "0.14.54"
  resolved "https://registry.yarnpkg.com/esbuild-windows-64/-/esbuild-windows-64-0.14.54.tgz#bf54b51bd3e9b0f1886ffdb224a4176031ea0af4"
  integrity sha512-AoHTRBUuYwXtZhjXZbA1pGfTo8cJo3vZIcWGLiUcTNgHpJJMC1rVA44ZereBHMJtotyN71S8Qw0npiCIkW96cQ==

esbuild-windows-arm64@0.14.54:
  version "0.14.54"
  resolved "https://registry.yarnpkg.com/esbuild-windows-arm64/-/esbuild-windows-arm64-0.14.54.tgz#937d15675a15e4b0e4fafdbaa3a01a776a2be982"
  integrity sha512-M0kuUvXhot1zOISQGXwWn6YtS+Y/1RT9WrVIOywZnJHo3jCDyewAc79aKNQWFCQm+xNHVTq9h8dZKvygoXQQRg==

esbuild@^0.14.27:
  version "0.14.54"
  resolved "https://registry.npmjs.org/esbuild/-/esbuild-0.14.54.tgz"
  integrity sha512-Cy9llcy8DvET5uznocPyqL3BFRrFXSVqbgpMJ9Wz8oVjZlh/zUSNbPRbov0VX7VxN2JH1Oa0uNxZ7eLRb62pJA==
  optionalDependencies:
    "@esbuild/linux-loong64" "0.14.54"
    esbuild-android-64 "0.14.54"
    esbuild-android-arm64 "0.14.54"
    esbuild-darwin-64 "0.14.54"
    esbuild-darwin-arm64 "0.14.54"
    esbuild-freebsd-64 "0.14.54"
    esbuild-freebsd-arm64 "0.14.54"
    esbuild-linux-32 "0.14.54"
    esbuild-linux-64 "0.14.54"
    esbuild-linux-arm "0.14.54"
    esbuild-linux-arm64 "0.14.54"
    esbuild-linux-mips64le "0.14.54"
    esbuild-linux-ppc64le "0.14.54"
    esbuild-linux-riscv64 "0.14.54"
    esbuild-linux-s390x "0.14.54"
    esbuild-netbsd-64 "0.14.54"
    esbuild-openbsd-64 "0.14.54"
    esbuild-sunos-64 "0.14.54"
    esbuild-windows-32 "0.14.54"
    esbuild-windows-64 "0.14.54"
    esbuild-windows-arm64 "0.14.54"

esbuild@^0.16.3:
  version "0.16.17"
  resolved "https://registry.npmjs.org/esbuild/-/esbuild-0.16.17.tgz"
  integrity sha512-G8LEkV0XzDMNwXKgM0Jwu3nY3lSTwSGY6XbxM9cr9+s0T/qSV1q1JVPBGzm3dcjhCic9+emZDmMffkwgPeOeLg==
  optionalDependencies:
    "@esbuild/android-arm" "0.16.17"
    "@esbuild/android-arm64" "0.16.17"
    "@esbuild/android-x64" "0.16.17"
    "@esbuild/darwin-arm64" "0.16.17"
    "@esbuild/darwin-x64" "0.16.17"
    "@esbuild/freebsd-arm64" "0.16.17"
    "@esbuild/freebsd-x64" "0.16.17"
    "@esbuild/linux-arm" "0.16.17"
    "@esbuild/linux-arm64" "0.16.17"
    "@esbuild/linux-ia32" "0.16.17"
    "@esbuild/linux-loong64" "0.16.17"
    "@esbuild/linux-mips64el" "0.16.17"
    "@esbuild/linux-ppc64" "0.16.17"
    "@esbuild/linux-riscv64" "0.16.17"
    "@esbuild/linux-s390x" "0.16.17"
    "@esbuild/linux-x64" "0.16.17"
    "@esbuild/netbsd-x64" "0.16.17"
    "@esbuild/openbsd-x64" "0.16.17"
    "@esbuild/sunos-x64" "0.16.17"
    "@esbuild/win32-arm64" "0.16.17"
    "@esbuild/win32-ia32" "0.16.17"
    "@esbuild/win32-x64" "0.16.17"

eventemitter3@^4.0.0, eventemitter3@^4.0.7:
  version "4.0.7"
  resolved "https://registry.npmjs.org/eventemitter3/-/eventemitter3-4.0.7.tgz"
  integrity sha512-8guHBZCwKnFhYdHr2ysuRWErTwhoN2X8XELRlrRwpmfeY2jjuUN4taQMsULKUVo1K4DvZl+0pgfyoysHxvmvEw==

eventemitter3@^5.0.0:
  version "5.0.0"
  resolved "https://registry.npmjs.org/eventemitter3/-/eventemitter3-5.0.0.tgz"
  integrity sha512-riuVbElZZNXLeLEoprfNYoDSwTBRR44X3mnhdI1YcnENpWTCsTTVZ2zFuqQcpoyqPQIUXdiPEU0ECAq0KQRaHg==

fpsmeter@^0.3.1:
  version "0.3.1"
  resolved "https://registry.npmjs.org/fpsmeter/-/fpsmeter-0.3.1.tgz"
  integrity sha512-i3zzNJwGkA+9WWIXpAtP0TCN64eO5VkKQgirYE7ZCVqyC3NfUPszU35R044fmSCjiMqefiBs5NiGKvD7lFJ87Q==

fsevents@~2.3.2:
  version "2.3.2"
  resolved "https://registry.yarnpkg.com/fsevents/-/fsevents-2.3.2.tgz#8a526f78b8fdf4623b709e0b975c52c24c02fd1a"
  integrity sha512-xiqMQR4xAeHTuB9uWm+fFRcIOgKBMiOBP+eXiyT7jsgVCq1bkVygt00oASowB7EdtpOHaaPgKt812P9ab+DDKA==

function-bind@^1.1.1:
  version "1.1.1"
  resolved "https://registry.npmjs.org/function-bind/-/function-bind-1.1.1.tgz"
  integrity sha512-yIovAzMX49sF8Yl58fSCWJ5svSLuaibPxXQJFLmBObTuCr0Mf1KiPopGM9NiFjiYBCbfaa2Fh6breQ6ANVTI0A==

handlebars@^4.7.6:
  version "4.7.7"
  resolved "https://registry.npmjs.org/handlebars/-/handlebars-4.7.7.tgz"
  integrity sha512-aAcXm5OAfE/8IXkcZvCepKU3VzW1/39Fb5ZuqMtgI/hT8X2YgoMvBY5dLhq/cpOvw7Lk1nK/UF71aLG/ZnVYRA==
  dependencies:
    minimist "^1.2.5"
    neo-async "^2.6.0"
    source-map "^0.6.1"
    wordwrap "^1.0.0"
  optionalDependencies:
    uglify-js "^3.1.4"

has@^1.0.3:
  version "1.0.3"
  resolved "https://registry.npmjs.org/has/-/has-1.0.3.tgz"
  integrity sha512-f2dvO0VU6Oej7RkWJGrehjbzMAjFp5/VKPp5tTpWIV4JHHZK1/BxbFRtf/siA2SWTe09caDmVtYYzWEIbBS4zw==
  dependencies:
    function-bind "^1.1.1"

hilojs@^2.0.2:
  version "2.0.2"
  resolved "https://registry.npmjs.org/hilojs/-/hilojs-2.0.2.tgz"
  integrity sha512-PgRuYHTnXMeT4cP/rnhWqFX3xVY0BJ6+mwqIQI19MzSJ2eqLNlt0JpF2EjRJNGhtaLFH3QsXLkYnRjb7W+HGuA==

howler@2.2.3:
  version "2.2.3"
  resolved "https://registry.npmjs.org/howler/-/howler-2.2.3.tgz"
  integrity sha512-QM0FFkw0LRX1PR8pNzJVAY25JhIWvbKMBFM4gqk+QdV+kPXOhleWGCB6AiAF/goGjIHK2e/nIElplvjQwhr0jg==

inherits@2.0.3:
  version "2.0.3"
  resolved "https://registry.npmjs.org/inherits/-/inherits-2.0.3.tgz"
  integrity sha512-x00IRNXNy63jwGkJmzPigoySHbaqpNuzKbBOmzK+g2OdZpQ9w+sxCN+VSB3ja7IAge2OP2qpfxTjeNcyjmW1uw==

is-core-module@^2.9.0:
  version "2.11.0"
  resolved "https://registry.npmjs.org/is-core-module/-/is-core-module-2.11.0.tgz"
  integrity sha512-RRjxlvLDkD1YJwDbroBHMb+cukurkDWNyHx7D3oNB5x9rb5ogcksMC5wHCadcXoo67gVr/+3GFySh3134zi6rw==
  dependencies:
    has "^1.0.3"

kaboom@^2000.2.10:
  version "2000.2.10"
  resolved "https://registry.yarnpkg.com/kaboom/-/kaboom-2000.2.10.tgz#b8b6efa3f0e2d104e81dae5f3900f8f25d34a504"
  integrity sha512-OHWdRuRMNkTkpO0/1R4ljS4+vpPtf6PvN+S0WTe+PkPB6Z61rmunw4SKTQDkrCt7dDzEIZTnK1G6s7rttd61Bw==

kontra@^8.0.0:
  version "8.0.0"
  resolved "https://registry.npmjs.org/kontra/-/kontra-8.0.0.tgz"
  integrity sha512-7Go/K4S+6gtyillSKSkSlNq46neuIWGvof9PYyzBwiBKGrs+1GHzsDknaeIID3GulV+sK1oKcV0hB2CyyO7ePQ==

melonjs@^14.5.0:
  version "14.5.0"
  resolved "https://registry.yarnpkg.com/melonjs/-/melonjs-14.5.0.tgz#4a1393ef85ff12d18de6ac5d7fcaa60ecde2b5e0"
  integrity sha512-ePZp3Jm4GlsO242Kk9zSp4Y40yPLvAh8ZlouvitkqVmB7DyeXdvQ+0Q+7VoOEbuuCAnrHfmpS3V4QbSZs6NugQ==
  dependencies:
    "@teppeis/multimaps" "^2.0.0"
    core-js "^3.27.2"
    earcut "2.2.4"
    eventemitter3 "^5.0.0"
    howler "2.2.3"

minimist@^1.2.5:
  version "1.2.7"
  resolved "https://registry.npmjs.org/minimist/-/minimist-1.2.7.tgz"
  integrity sha512-bzfL1YUZsP41gmu/qjrEk0Q6i2ix/cVeAhbCbqH9u3zYutS1cLg00qhrD0M2MVdCcx4Sc0UpP2eBWo9rotpq6g==

nanoid@^3.3.4:
  version "3.3.4"
  resolved "https://registry.npmjs.org/nanoid/-/nanoid-3.3.4.tgz"
  integrity sha512-MqBkQh/OHTS2egovRtLk45wEyNXwF+cokD+1YPf9u5VfJiRdAiRwB2froX5Co9Rh20xs4siNPm8naNotSD6RBw==

neo-async@^2.6.0:
  version "2.6.2"
  resolved "https://registry.npmjs.org/neo-async/-/neo-async-2.6.2.tgz"
  integrity sha512-Yd3UES5mWCSqR+qNT93S3UoYUkqAZ9lLg8a7g9rimsWmYGK8cVToA4/sF3RrshdyV3sAGMXVUmpMYOw+dLpOuw==

path-parse@^1.0.7:
  version "1.0.7"
  resolved "https://registry.npmjs.org/path-parse/-/path-parse-1.0.7.tgz"
  integrity sha512-LDJzPVEEEPR+y48z93A0Ed0yXb8pAByGWo/k5YYdYgpY2/2EsOsksJrq7lOHxryrVOn1ejG6oAp8ahvOIQD8sw==

path@^0.12.7:
  version "0.12.7"
  resolved "https://registry.npmjs.org/path/-/path-0.12.7.tgz"
  integrity sha512-aXXC6s+1w7otVF9UletFkFcDsJeO7lSZBPUQhtb5O0xJe8LtYhj/GxldoL09bBj9+ZmE2hNoHqQSFMN5fikh4Q==
  dependencies:
    process "^0.11.1"
    util "^0.10.3"

phaser@^3.55.2:
  version "3.55.2"
  resolved "https://registry.npmjs.org/phaser/-/phaser-3.55.2.tgz"
  integrity sha512-amKXsbb2Ht29dGPKvt1edq3yGGYKtq8373GpJYGKPNPnneYY6MtVTOgjHDuZwtmUyK4v86FugkT3hzW/N4tjxQ==
  dependencies:
    eventemitter3 "^4.0.7"
    path "^0.12.7"

picocolors@^1.0.0:
  version "1.0.0"
  resolved "https://registry.npmjs.org/picocolors/-/picocolors-1.0.0.tgz"
  integrity sha512-1fygroTLlHu66zi26VoTDv8yRgm0Fccecssto+MhsZ0D/DGW2sm8E8AjW7NU5VVTRt5GxbeZ5qBuJr+HyLYkjQ==

pixi.js@^7.1.0:
  version "7.1.0"
  resolved "https://registry.npmjs.org/pixi.js/-/pixi.js-7.1.0.tgz"
  integrity sha512-CNWikodkMhOThr8l5fWOLjvkmp2po8Gu3HpQFZnjJK3yukY7z8Nao6XnGlBZy7xq3GFrRTulbvrToAZqql7GRQ==
  dependencies:
    "@pixi/accessibility" "7.1.0"
    "@pixi/app" "7.1.0"
    "@pixi/assets" "7.1.0"
    "@pixi/compressed-textures" "7.1.0"
    "@pixi/core" "7.1.0"
    "@pixi/display" "7.1.0"
    "@pixi/events" "7.1.0"
    "@pixi/extensions" "7.1.0"
    "@pixi/extract" "7.1.0"
    "@pixi/filter-alpha" "7.1.0"
    "@pixi/filter-blur" "7.1.0"
    "@pixi/filter-color-matrix" "7.1.0"
    "@pixi/filter-displacement" "7.1.0"
    "@pixi/filter-fxaa" "7.1.0"
    "@pixi/filter-noise" "7.1.0"
    "@pixi/graphics" "7.1.0"
    "@pixi/mesh" "7.1.0"
    "@pixi/mesh-extras" "7.1.0"
    "@pixi/mixin-cache-as-bitmap" "7.1.0"
    "@pixi/mixin-get-child-by-name" "7.1.0"
    "@pixi/mixin-get-global-position" "7.1.0"
    "@pixi/particle-container" "7.1.0"
    "@pixi/prepare" "7.1.0"
    "@pixi/sprite" "7.1.0"
    "@pixi/sprite-animated" "7.1.0"
    "@pixi/sprite-tiling" "7.1.0"
    "@pixi/spritesheet" "7.1.0"
    "@pixi/text" "7.1.0"
    "@pixi/text-bitmap" "7.1.0"

postcss@^8.4.13, postcss@^8.4.20:
  version "8.4.21"
  resolved "https://registry.npmjs.org/postcss/-/postcss-8.4.21.tgz"
  integrity sha512-tP7u/Sn/dVxK2NnruI4H9BG+x+Wxz6oeZ1cJ8P6G/PZY0IKk4k/63TDsQf2kQq3+qoJeLm2kIBUNlZe3zgb4Zg==
  dependencies:
    nanoid "^3.3.4"
    picocolors "^1.0.0"
    source-map-js "^1.0.2"

process@^0.11.1:
  version "0.11.10"
  resolved "https://registry.npmjs.org/process/-/process-0.11.10.tgz"
  integrity sha512-cdGef/drWFoydD1JsMzuFf8100nZl+GT+yacc2bEced5f9Rjk4z+WtFUTBu9PhOi9j/jfmBPu0mMEY4wIdAF8A==

punycode@1.3.2:
  version "1.3.2"
  resolved "https://registry.npmjs.org/punycode/-/punycode-1.3.2.tgz"
  integrity sha512-RofWgt/7fL5wP1Y7fxE7/EmTLzQVnB0ycyibJ0OOHIlJqTNzglYFxVwETOcIoJqJmpDXJ9xImDv+Fq34F/d4Dw==

querystring@0.2.0:
  version "0.2.0"
  resolved "https://registry.npmjs.org/querystring/-/querystring-0.2.0.tgz"
  integrity sha512-X/xY82scca2tau62i9mDyU9K+I+djTMUsvwf7xnUX5GLvVzgJybOJf4Y6o9Zx3oJK/LSXg5tTZBjwzqVPaPO2g==

resolve@^1.22.0, resolve@^1.22.1:
  version "1.22.1"
  resolved "https://registry.npmjs.org/resolve/-/resolve-1.22.1.tgz"
  integrity sha512-nBpuuYuY5jFsli/JIs1oldw6fOQCBioohqWZg/2hiaOybXOft4lonv85uDOKXdf8rhyK159cxU5cDcK/NKk8zw==
  dependencies:
    is-core-module "^2.9.0"
    path-parse "^1.0.7"
    supports-preserve-symlinks-flag "^1.0.0"

"rollup@>=2.59.0 <2.78.0":
  version "2.77.3"
  resolved "https://registry.npmjs.org/rollup/-/rollup-2.77.3.tgz"
  integrity sha512-/qxNTG7FbmefJWoeeYJFbHehJ2HNWnjkAFRKzWN/45eNBBF/r8lo992CwcJXEzyVxs5FmfId+vTSTQDb+bxA+g==
  optionalDependencies:
    fsevents "~2.3.2"

rollup@^3.7.0:
  version "3.10.0"
  resolved "https://registry.npmjs.org/rollup/-/rollup-3.10.0.tgz"
  integrity sha512-JmRYz44NjC1MjVF2VKxc0M1a97vn+cDxeqWmnwyAF4FvpjK8YFdHpaqvQB+3IxCvX05vJxKZkoMDU8TShhmJVA==
  optionalDependencies:
    fsevents "~2.3.2"

source-map-js@^1.0.2:
  version "1.0.2"
  resolved "https://registry.npmjs.org/source-map-js/-/source-map-js-1.0.2.tgz"
  integrity sha512-R0XvVJ9WusLiqTCEiGCmICCMplcCkIwwR11mOSD9CR5u+IXYdiseeEuXCVAjS54zqwkLcPNnmU4OeJ6tUrWhDw==

source-map@^0.6.1:
  version "0.6.1"
  resolved "https://registry.npmjs.org/source-map/-/source-map-0.6.1.tgz"
  integrity sha512-UjgapumWlbMhkBgzT7Ykc5YXUT46F0iKu8SGXq0bcwP5dz/h0Plj6enJqjz1Zbq2l5WaqYnrVbwWOWMyF3F47g==

supports-preserve-symlinks-flag@^1.0.0:
  version "1.0.0"
  resolved "https://registry.npmjs.org/supports-preserve-symlinks-flag/-/supports-preserve-symlinks-flag-1.0.0.tgz"
  integrity sha512-ot0WnXS9fgdkgIcePe6RHNk1WA8+muPa6cSjeR3V8K27q9BB1rTE3R1p7Hv0z1ZyAc8s6Vvv8DIyWf681MAt0w==

three@^0.148.0:
  version "0.148.0"
  resolved "https://registry.npmjs.org/three/-/three-0.148.0.tgz"
  integrity sha512-8uzVV+qhTPi0bOFs/3te3RW6hb3urL8jYEl6irjCWo/l6sr8MPNMcClFev/MMYeIxr0gmDcoXTy/8LXh/LXkfw==

two.js@^0.8.10:
  version "0.8.10"
  resolved "https://registry.yarnpkg.com/two.js/-/two.js-0.8.10.tgz#d01f8bb1c9401f850730a79abb9784b900ccde0b"
  integrity sha512-Rg0jn1n/0MWdDBrW47L245GWlWpbWlJ3Cv8xFlP05pSFqUT0Wn6w4yaOcxUCzAJQGRGdtmXOW3UI2W0LEEUD9Q==

uglify-js@^3.1.4:
  version "3.17.4"
  resolved "https://registry.npmjs.org/uglify-js/-/uglify-js-3.17.4.tgz"
  integrity sha512-T9q82TJI9e/C1TAxYvfb16xO120tMVFZrGA3f9/P4424DNu6ypK103y0GPFVa17yotwSyZW5iYXgjYHkGrJW/g==

url@^0.11.0:
  version "0.11.0"
  resolved "https://registry.npmjs.org/url/-/url-0.11.0.tgz"
  integrity sha512-kbailJa29QrtXnxgq+DdCEGlbTeYM2eJUxsz6vjZavrCYPMIFHMKQmSKYAIuUK2i7hgPm28a8piX5NTUtM/LKQ==
  dependencies:
    punycode "1.3.2"
    querystring "0.2.0"

util@^0.10.3:
  version "0.10.4"
  resolved "https://registry.npmjs.org/util/-/util-0.10.4.tgz"
  integrity sha512-0Pm9hTQ3se5ll1XihRic3FDIku70C+iHUdT/W926rSgHV5QgXsYbKZN8MSC3tJtSkhuROzvsQjAaFENRXr+19A==
  dependencies:
    inherits "2.0.3"

vite-plugin-handlebars@^1.6.0:
  version "1.6.0"
  resolved "https://registry.npmjs.org/vite-plugin-handlebars/-/vite-plugin-handlebars-1.6.0.tgz"
  integrity sha512-/TZ2FadScvJW6fmQ+3m3stm6ns+tDZ3VAgzEkSQYQurAnaQ/3MJfidhmTXzD1Hu1iwgkI3lNuEqybzjjKemCTg==
  dependencies:
    handlebars "^4.7.6"
    vite "^2.0.0"

vite@^2.0.0:
  version "2.9.15"
  resolved "https://registry.npmjs.org/vite/-/vite-2.9.15.tgz"
  integrity sha512-fzMt2jK4vQ3yK56te3Kqpkaeq9DkcZfBbzHwYpobasvgYmP2SoAr6Aic05CsB4CzCZbsDv4sujX3pkEGhLabVQ==
  dependencies:
    esbuild "^0.14.27"
    postcss "^8.4.13"
    resolve "^1.22.0"
    rollup ">=2.59.0 <2.78.0"
  optionalDependencies:
    fsevents "~2.3.2"

vite@^4.0.0:
  version "4.0.4"
  resolved "https://registry.npmjs.org/vite/-/vite-4.0.4.tgz"
  integrity sha512-xevPU7M8FU0i/80DMR+YhgrzR5KS2ORy1B4xcX/cXLsvnUWvfHuqMmVU6N0YiJ4JWGRJJsLCgjEzKjG9/GKoSw==
  dependencies:
    esbuild "^0.16.3"
    postcss "^8.4.20"
    resolve "^1.22.1"
    rollup "^3.7.0"
  optionalDependencies:
    fsevents "~2.3.2"

wordwrap@^1.0.0:
  version "1.0.0"
  resolved "https://registry.npmjs.org/wordwrap/-/wordwrap-1.0.0.tgz"
  integrity sha512-gvVzJFlPycKc5dZN4yPkP8w7Dc37BtP1yczEneOb4uq34pXZcvrtRTmWV8W+Ume+XCxKgbjM+nevkyFPMybd4Q==
